{
  "format_version": "1.2",
  "terraform_version": "1.12.2",
  "planned_values": {
    "root_module": {
      "resources": [
        {
          "address": "coder_ai_task.a[0]",
          "mode": "managed",
          "type": "coder_ai_task",
          "name": "a",
          "index": 0,
          "provider_name": "registry.terraform.io/coder/coder",
          "schema_version": 1,
          "values": {
            "sidebar_app": [
              {
                "id": "5ece4674-dd35-4f16-88c8-82e40e72e2fd"
              }
            ]
          },
          "sensitive_values": {
            "sidebar_app": [
              {}
            ]
          }
        }
      ]
    }
  },
  "resource_changes": [
    {
      "address": "coder_ai_task.a[0]",
      "mode": "managed",
      "type": "coder_ai_task",
      "name": "a",
      "index": 0,
      "provider_name": "registry.terraform.io/coder/coder",
      "change": {
        "actions": [
          "create"
        ],
        "before": null,
        "after": {
          "sidebar_app": [
            {
              "id": "5ece4674-dd35-4f16-88c8-82e40e72e2fd"
            }
          ]
        },
        "after_unknown": {
          "app_id": true,
          "id": true,
          "prompt": true,
          "sidebar_app": [
            {}
          ]
        },
        "before_sensitive": false,
        "after_sensitive": {
          "sidebar_app": [
            {}
          ]
        }
      }
    }
  ],
  "prior_state": {
    "format_version": "1.0",
    "terraform_version": "1.12.2",
    "values": {
      "root_module": {
        "resources": [
          {
            "address": "data.coder_provisioner.me",
            "mode": "data",
            "type": "coder_provisioner",
            "name": "me",
            "provider_name": "registry.terraform.io/coder/coder",
            "schema_version": 1,
            "values": {
              "arch": "arm64",
              "id": "6b538d81-f0db-4e2b-8d85-4b87a1563d89",
              "os": "darwin"
            },
            "sensitive_values": {}
          },
          {
            "address": "data.coder_workspace.me",
            "mode": "data",
            "type": "coder_workspace",
            "name": "me",
            "provider_name": "registry.terraform.io/coder/coder",
            "schema_version": 1,
            "values": {
              "access_port": 443,
              "access_url": "https://mydeployment.coder.com",
              "id": "344575c1-55b9-43bb-89b5-35f547e2cf08",
              "is_prebuild": false,
              "is_prebuild_claim": false,
              "name": "default",
              "prebuild_count": 0,
              "start_count": 1,
              "template_id": "",
              "template_name": "",
              "template_version": "",
              "transition": "start"
            },
            "sensitive_values": {}
          },
          {
            "address": "data.coder_workspace_owner.me",
            "mode": "data",
            "type": "coder_workspace_owner",
            "name": "me",
            "provider_name": "registry.terraform.io/coder/coder",
            "schema_version": 0,
            "values": {
              "email": "default@example.com",
              "full_name": "default",
              "groups": [],
              "id": "acb465b5-2709-4392-9486-4ad6eb1c06e0",
              "login_type": null,
              "name": "default",
              "oidc_access_token": "",
              "rbac_roles": [],
              "session_token": "",
              "ssh_private_key": "",
              "ssh_public_key": ""
            },
            "sensitive_values": {
              "groups": [],
              "oidc_access_token": true,
              "rbac_roles": [],
              "session_token": true,
              "ssh_private_key": true
            }
          }
        ]
      }
    }
  },
  "configuration": {
    "provider_config": {
      "coder": {
        "name": "coder",
        "full_name": "registry.terraform.io/coder/coder",
        "version_constraint": ">= 2.0.0"
      }
    },
    "root_module": {
      "resources": [
        {
          "address": "coder_ai_task.a",
          "mode": "managed",
          "type": "coder_ai_task",
          "name": "a",
          "provider_config_key": "coder",
          "expressions": {
            "sidebar_app": [
              {
                "id": {
                  "constant_value": "5ece4674-dd35-4f16-88c8-82e40e72e2fd"
                }
              }
            ]
          },
          "schema_version": 1,
          "count_expression": {
            "constant_value": 1
          }
        },
        {
          "address": "data.coder_provisioner.me",
          "mode": "data",
          "type": "coder_provisioner",
          "name": "me",
          "provider_config_key": "coder",
          "schema_version": 1
        },
        {
          "address": "data.coder_workspace.me",
          "mode": "data",
          "type": "coder_workspace",
          "name": "me",
          "provider_config_key": "coder",
          "schema_version": 1
        },
        {
          "address": "data.coder_workspace_owner.me",
          "mode": "data",
          "type": "coder_workspace_owner",
          "name": "me",
          "provider_config_key": "coder",
          "schema_version": 0
        }
      ]
    }
  },
  "timestamp": "2025-06-19T14:30:00Z",
  "applyable": true,
  "complete": true,
  "errored": false
}
