{
  "format_version": "1.1",
  "terraform_version": "1.2.8",
  "planned_values": {
    "root_module": {
      "resources": [
        {
          "address": "coder_agent.dev1",
          "mode": "managed",
          "type": "coder_agent",
          "name": "dev1",
          "provider_name": "registry.terraform.io/coder/coder",
          "schema_version": 0,
          "values": {
            "arch": "amd64",
            "auth": "token",
            "dir": null,
            "env": null,
            "os": "linux",
            "startup_script": null
          },
          "sensitive_values": {}
        },
        {
          "address": "coder_app.app1",
          "mode": "managed",
          "type": "coder_app",
          "name": "app1",
          "provider_name": "registry.terraform.io/coder/coder",
          "schema_version": 0,
          "values": {
            "command": null,
            "display_name": null,
            "healthcheck": [],
            "icon": null,
            "name": null,
            "relative_path": null,
            "share": "owner",
            "slug": "app1",
            "subdomain": null,
            "url": null
          },
          "sensitive_values": {
            "healthcheck": []
          }
        },
        {
          "address": "coder_app.app2",
          "mode": "managed",
          "type": "coder_app",
          "name": "app2",
          "provider_name": "registry.terraform.io/coder/coder",
          "schema_version": 0,
          "values": {
            "command": null,
            "display_name": null,
            "healthcheck": [
              {
                "interval": 5,
                "threshold": 6,
                "url": "http://localhost:13337/healthz"
              }
            ],
            "icon": null,
            "name": null,
            "relative_path": null,
            "share": "owner",
            "slug": "app2",
            "subdomain": true,
            "url": null
          },
          "sensitive_values": {
            "healthcheck": [{}]
          }
        },
        {
          "address": "coder_app.app3",
          "mode": "managed",
          "type": "coder_app",
          "name": "app3",
          "provider_name": "registry.terraform.io/coder/coder",
          "schema_version": 0,
          "values": {
            "command": null,
            "display_name": null,
            "healthcheck": [],
            "icon": null,
            "name": null,
            "relative_path": null,
            "share": "owner",
            "slug": "app3",
            "subdomain": false,
            "url": null
          },
          "sensitive_values": {
            "healthcheck": []
          }
        },
        {
          "address": "null_resource.dev",
          "mode": "managed",
          "type": "null_resource",
          "name": "dev",
          "provider_name": "registry.terraform.io/hashicorp/null",
          "schema_version": 0,
          "values": {
            "triggers": null
          },
          "sensitive_values": {}
        }
      ]
    }
  },
  "resource_changes": [
    {
      "address": "coder_agent.dev1",
      "mode": "managed",
      "type": "coder_agent",
      "name": "dev1",
      "provider_name": "registry.terraform.io/coder/coder",
      "change": {
        "actions": ["create"],
        "before": null,
        "after": {
          "arch": "amd64",
          "auth": "token",
          "dir": null,
          "env": null,
          "os": "linux",
          "startup_script": null
        },
        "after_unknown": {
          "id": true,
          "init_script": true,
          "token": true
        },
        "before_sensitive": false,
        "after_sensitive": {
          "token": true
        }
      }
    },
    {
      "address": "coder_app.app1",
      "mode": "managed",
      "type": "coder_app",
      "name": "app1",
      "provider_name": "registry.terraform.io/coder/coder",
      "change": {
        "actions": ["create"],
        "before": null,
        "after": {
          "command": null,
          "display_name": null,
          "healthcheck": [],
          "icon": null,
          "name": null,
          "relative_path": null,
          "share": "owner",
          "slug": "app1",
          "subdomain": null,
          "url": null
        },
        "after_unknown": {
          "agent_id": true,
          "healthcheck": [],
          "id": true
        },
        "before_sensitive": false,
        "after_sensitive": {
          "healthcheck": []
        }
      }
    },
    {
      "address": "coder_app.app2",
      "mode": "managed",
      "type": "coder_app",
      "name": "app2",
      "provider_name": "registry.terraform.io/coder/coder",
      "change": {
        "actions": ["create"],
        "before": null,
        "after": {
          "command": null,
          "display_name": null,
          "healthcheck": [
            {
              "interval": 5,
              "threshold": 6,
              "url": "http://localhost:13337/healthz"
            }
          ],
          "icon": null,
          "name": null,
          "relative_path": null,
          "share": "owner",
          "slug": "app2",
          "subdomain": true,
          "url": null
        },
        "after_unknown": {
          "agent_id": true,
          "healthcheck": [{}],
          "id": true
        },
        "before_sensitive": false,
        "after_sensitive": {
          "healthcheck": [{}]
        }
      }
    },
    {
      "address": "coder_app.app3",
      "mode": "managed",
      "type": "coder_app",
      "name": "app3",
      "provider_name": "registry.terraform.io/coder/coder",
      "change": {
        "actions": ["create"],
        "before": null,
        "after": {
          "command": null,
          "display_name": null,
          "healthcheck": [],
          "icon": null,
          "name": null,
          "relative_path": null,
          "share": "owner",
          "slug": "app3",
          "subdomain": false,
          "url": null
        },
        "after_unknown": {
          "agent_id": true,
          "healthcheck": [],
          "id": true
        },
        "before_sensitive": false,
        "after_sensitive": {
          "healthcheck": []
        }
      }
    },
    {
      "address": "null_resource.dev",
      "mode": "managed",
      "type": "null_resource",
      "name": "dev",
      "provider_name": "registry.terraform.io/hashicorp/null",
      "change": {
        "actions": ["create"],
        "before": null,
        "after": {
          "triggers": null
        },
        "after_unknown": {
          "id": true
        },
        "before_sensitive": false,
        "after_sensitive": {}
      }
    }
  ],
  "configuration": {
    "provider_config": {
      "coder": {
        "name": "coder",
        "full_name": "registry.terraform.io/coder/coder",
        "version_constraint": "0.6.0"
      },
      "null": {
        "name": "null",
        "full_name": "registry.terraform.io/hashicorp/null"
      }
    },
    "root_module": {
      "resources": [
        {
          "address": "coder_agent.dev1",
          "mode": "managed",
          "type": "coder_agent",
          "name": "dev1",
          "provider_config_key": "coder",
          "expressions": {
            "arch": {
              "constant_value": "amd64"
            },
            "os": {
              "constant_value": "linux"
            }
          },
          "schema_version": 0
        },
        {
          "address": "coder_app.app1",
          "mode": "managed",
          "type": "coder_app",
          "name": "app1",
          "provider_config_key": "coder",
          "expressions": {
            "agent_id": {
              "references": ["coder_agent.dev1.id", "coder_agent.dev1"]
            },
            "slug": {
              "constant_value": "app1"
            }
          },
          "schema_version": 0
        },
        {
          "address": "coder_app.app2",
          "mode": "managed",
          "type": "coder_app",
          "name": "app2",
          "provider_config_key": "coder",
          "expressions": {
            "agent_id": {
              "references": ["coder_agent.dev1.id", "coder_agent.dev1"]
            },
            "healthcheck": [
              {
                "interval": {
                  "constant_value": 5
                },
                "threshold": {
                  "constant_value": 6
                },
                "url": {
                  "constant_value": "http://localhost:13337/healthz"
                }
              }
            ],
            "slug": {
              "constant_value": "app2"
            },
            "subdomain": {
              "constant_value": true
            }
          },
          "schema_version": 0
        },
        {
          "address": "coder_app.app3",
          "mode": "managed",
          "type": "coder_app",
          "name": "app3",
          "provider_config_key": "coder",
          "expressions": {
            "agent_id": {
              "references": ["coder_agent.dev1.id", "coder_agent.dev1"]
            },
            "slug": {
              "constant_value": "app3"
            },
            "subdomain": {
              "constant_value": false
            }
          },
          "schema_version": 0
        },
        {
          "address": "null_resource.dev",
          "mode": "managed",
          "type": "null_resource",
          "name": "dev",
          "provider_config_key": "null",
          "schema_version": 0,
          "depends_on": ["coder_agent.dev1"]
        }
      ]
    }
  },
  "relevant_attributes": [
    {
      "resource": "coder_agent.dev1",
      "attribute": ["id"]
    }
  ]
}
