{
  "format_version": "1.1",
  "terraform_version": "1.3.7",
  "planned_values": {
    "root_module": {
      "resources": [
        {
          "address": "coder_agent.dev",
          "mode": "managed",
          "type": "coder_agent",
          "name": "dev",
          "provider_name": "registry.terraform.io/coder/coder",
          "schema_version": 0,
          "values": {
            "arch": "arm64",
            "auth": "token",
            "connection_timeout": 120,
            "dir": null,
            "env": null,
            "login_before_ready": true,
            "motd_file": null,
            "os": "windows",
            "shutdown_script": null,
            "shutdown_script_timeout": 300,
            "startup_script": null,
            "startup_script_timeout": 300,
            "troubleshooting_url": null
          },
          "sensitive_values": {}
        },
        {
          "address": "null_resource.dev",
          "mode": "managed",
          "type": "null_resource",
          "name": "dev",
          "provider_name": "registry.terraform.io/hashicorp/null",
          "schema_version": 0,
          "values": {
            "triggers": null
          },
          "sensitive_values": {}
        }
      ]
    }
  },
  "resource_changes": [
    {
      "address": "coder_agent.dev",
      "mode": "managed",
      "type": "coder_agent",
      "name": "dev",
      "provider_name": "registry.terraform.io/coder/coder",
      "change": {
        "actions": [
          "create"
        ],
        "before": null,
        "after": {
          "arch": "arm64",
          "auth": "token",
          "connection_timeout": 120,
          "dir": null,
          "env": null,
          "login_before_ready": true,
          "motd_file": null,
          "os": "windows",
          "shutdown_script": null,
          "shutdown_script_timeout": 300,
          "startup_script": null,
          "startup_script_timeout": 300,
          "troubleshooting_url": null
        },
        "after_unknown": {
          "id": true,
          "init_script": true,
          "token": true
        },
        "before_sensitive": false,
        "after_sensitive": {
          "token": true
        }
      }
    },
    {
      "address": "null_resource.dev",
      "mode": "managed",
      "type": "null_resource",
      "name": "dev",
      "provider_name": "registry.terraform.io/hashicorp/null",
      "change": {
        "actions": [
          "create"
        ],
        "before": null,
        "after": {
          "triggers": null
        },
        "after_unknown": {
          "id": true
        },
        "before_sensitive": false,
        "after_sensitive": {}
      }
    }
  ],
  "prior_state": {
    "format_version": "1.0",
    "terraform_version": "1.3.7",
    "values": {
      "root_module": {
        "resources": [
          {
            "address": "data.coder_parameter.example",
            "mode": "data",
            "type": "coder_parameter",
            "name": "example",
            "provider_name": "registry.terraform.io/coder/coder",
            "schema_version": 0,
            "values": {
              "default": null,
              "description": null,
              "icon": null,
              "id": "857b1591-ee42-4ded-9804-783ffd1eb180",
              "legacy_variable": null,
              "legacy_variable_name": null,
              "mutable": false,
              "name": "Example",
              "option": [
                {
                  "description": "",
                  "icon": "",
                  "name": "First Option",
                  "value": "first"
                },
                {
                  "description": "",
                  "icon": "",
                  "name": "Second Option",
                  "value": "second"
                }
              ],
              "optional": false,
              "type": "string",
              "validation": null,
              "value": ""
            },
            "sensitive_values": {
              "option": [
                {},
                {}
              ]
            }
          },
          {
            "address": "data.coder_parameter.sample",
            "mode": "data",
            "type": "coder_parameter",
            "name": "sample",
            "provider_name": "registry.terraform.io/coder/coder",
            "schema_version": 0,
            "values": {
              "default": "ok",
              "description": "blah blah",
              "icon": null,
              "id": "1477c44d-b36a-48cd-9942-0b532f1791db",
              "legacy_variable": null,
              "legacy_variable_name": null,
              "mutable": false,
              "name": "Sample",
              "option": null,
              "optional": true,
              "type": "string",
              "validation": null,
              "value": "ok"
            },
            "sensitive_values": {}
          }
        ]
      }
    }
  },
  "configuration": {
    "provider_config": {
      "coder": {
        "name": "coder",
        "full_name": "registry.terraform.io/coder/coder",
        "version_constraint": "0.6.20"
      },
      "null": {
        "name": "null",
        "full_name": "registry.terraform.io/hashicorp/null"
      }
    },
    "root_module": {
      "resources": [
        {
          "address": "coder_agent.dev",
          "mode": "managed",
          "type": "coder_agent",
          "name": "dev",
          "provider_config_key": "coder",
          "expressions": {
            "arch": {
              "constant_value": "arm64"
            },
            "os": {
              "constant_value": "windows"
            }
          },
          "schema_version": 0
        },
        {
          "address": "null_resource.dev",
          "mode": "managed",
          "type": "null_resource",
          "name": "dev",
          "provider_config_key": "null",
          "schema_version": 0,
          "depends_on": [
            "coder_agent.dev"
          ]
        },
        {
          "address": "data.coder_parameter.example",
          "mode": "data",
          "type": "coder_parameter",
          "name": "example",
          "provider_config_key": "coder",
          "expressions": {
            "name": {
              "constant_value": "Example"
            },
            "option": [
              {
                "name": {
                  "constant_value": "First Option"
                },
                "value": {
                  "constant_value": "first"
                }
              },
              {
                "name": {
                  "constant_value": "Second Option"
                },
                "value": {
                  "constant_value": "second"
                }
              }
            ],
            "type": {
              "constant_value": "string"
            }
          },
          "schema_version": 0
        },
        {
          "address": "data.coder_parameter.sample",
          "mode": "data",
          "type": "coder_parameter",
          "name": "sample",
          "provider_config_key": "coder",
          "expressions": {
            "default": {
              "constant_value": "ok"
            },
            "description": {
              "constant_value": "blah blah"
            },
            "name": {
              "constant_value": "Sample"
            },
            "type": {
              "constant_value": "string"
            }
          },
          "schema_version": 0
        }
      ]
    }
  }
}
