{
  "format_version": "1.1",
  "terraform_version": "1.4.0",
  "planned_values": {
    "root_module": {
      "resources": [
        {
          "address": "coder_agent.dev",
          "mode": "managed",
          "type": "coder_agent",
          "name": "dev",
          "provider_name": "registry.terraform.io/coder/coder",
          "schema_version": 0,
          "values": {
            "arch": "arm64",
            "auth": "token",
            "connection_timeout": 120,
            "dir": null,
            "env": null,
            "login_before_ready": true,
            "metadata": [],
            "motd_file": null,
            "os": "windows",
            "shutdown_script": null,
            "shutdown_script_timeout": 300,
            "startup_script": null,
            "startup_script_timeout": 300,
            "troubleshooting_url": null
          },
          "sensitive_values": {
            "metadata": []
          }
        },
        {
          "address": "null_resource.dev",
          "mode": "managed",
          "type": "null_resource",
          "name": "dev",
          "provider_name": "registry.terraform.io/hashicorp/null",
          "schema_version": 0,
          "values": {
            "triggers": null
          },
          "sensitive_values": {}
        }
      ]
    }
  },
  "resource_changes": [
    {
      "address": "coder_agent.dev",
      "mode": "managed",
      "type": "coder_agent",
      "name": "dev",
      "provider_name": "registry.terraform.io/coder/coder",
      "change": {
        "actions": [
          "create"
        ],
        "before": null,
        "after": {
          "arch": "arm64",
          "auth": "token",
          "connection_timeout": 120,
          "dir": null,
          "env": null,
          "login_before_ready": true,
          "metadata": [],
          "motd_file": null,
          "os": "windows",
          "shutdown_script": null,
          "shutdown_script_timeout": 300,
          "startup_script": null,
          "startup_script_timeout": 300,
          "troubleshooting_url": null
        },
        "after_unknown": {
          "id": true,
          "init_script": true,
          "metadata": [],
          "token": true
        },
        "before_sensitive": false,
        "after_sensitive": {
          "metadata": [],
          "token": true
        }
      }
    },
    {
      "address": "null_resource.dev",
      "mode": "managed",
      "type": "null_resource",
      "name": "dev",
      "provider_name": "registry.terraform.io/hashicorp/null",
      "change": {
        "actions": [
          "create"
        ],
        "before": null,
        "after": {
          "triggers": null
        },
        "after_unknown": {
          "id": true
        },
        "before_sensitive": false,
        "after_sensitive": {}
      }
    }
  ],
  "prior_state": {
    "format_version": "1.0",
    "terraform_version": "1.4.0",
    "values": {
      "root_module": {
        "resources": [
          {
            "address": "data.coder_parameter.example",
            "mode": "data",
            "type": "coder_parameter",
            "name": "example",
            "provider_name": "registry.terraform.io/coder/coder",
            "schema_version": 0,
            "values": {
              "default": null,
              "description": null,
              "display_name": null,
              "icon": null,
              "id": "39ffc3cf-47a6-40f0-89ed-35b5000ccaa5",
              "legacy_variable": null,
              "legacy_variable_name": null,
              "mutable": false,
              "name": "Example",
              "option": [
                {
                  "description": "",
                  "icon": "",
                  "name": "First Option",
                  "value": "first"
                },
                {
                  "description": "",
                  "icon": "",
                  "name": "Second Option",
                  "value": "second"
                }
              ],
              "optional": false,
              "type": "string",
              "validation": null,
              "value": ""
            },
            "sensitive_values": {
              "option": [
                {},
                {}
              ]
            }
          },
          {
            "address": "data.coder_parameter.number_example",
            "mode": "data",
            "type": "coder_parameter",
            "name": "number_example",
            "provider_name": "registry.terraform.io/coder/coder",
            "schema_version": 0,
            "values": {
              "default": "4",
              "description": null,
              "display_name": null,
              "icon": null,
              "id": "0813ad0d-5e92-4f8d-9cbc-e4d86b081fa2",
              "legacy_variable": null,
              "legacy_variable_name": null,
              "mutable": false,
              "name": "number_example",
              "option": null,
              "optional": true,
              "type": "number",
              "validation": null,
              "value": "4"
            },
            "sensitive_values": {}
          },
          {
            "address": "data.coder_parameter.number_example_max_zero",
            "mode": "data",
            "type": "coder_parameter",
            "name": "number_example_max_zero",
            "provider_name": "registry.terraform.io/coder/coder",
            "schema_version": 0,
            "values": {
              "default": "-2",
              "description": null,
              "display_name": null,
              "icon": null,
              "id": "d1756aa8-9bdc-4cfd-97b2-3db501c346f7",
              "legacy_variable": null,
              "legacy_variable_name": null,
              "mutable": false,
              "name": "number_example_max_zero",
              "option": null,
              "optional": true,
              "type": "number",
              "validation": [
                {
                  "error": "",
                  "max": 0,
                  "min": -3,
                  "monotonic": "",
                  "regex": ""
                }
              ],
              "value": "-2"
            },
            "sensitive_values": {
              "validation": [
                {}
              ]
            }
          },
          {
            "address": "data.coder_parameter.number_example_min_max",
            "mode": "data",
            "type": "coder_parameter",
            "name": "number_example_min_max",
            "provider_name": "registry.terraform.io/coder/coder",
            "schema_version": 0,
            "values": {
              "default": "4",
              "description": null,
              "display_name": null,
              "icon": null,
              "id": "e352b95e-c510-40b4-98b7-b69a46a539c7",
              "legacy_variable": null,
              "legacy_variable_name": null,
              "mutable": false,
              "name": "number_example_min_max",
              "option": null,
              "optional": true,
              "type": "number",
              "validation": [
                {
                  "error": "",
                  "max": 6,
                  "min": 3,
                  "monotonic": "",
                  "regex": ""
                }
              ],
              "value": "4"
            },
            "sensitive_values": {
              "validation": [
                {}
              ]
            }
          },
          {
            "address": "data.coder_parameter.number_example_min_zero",
            "mode": "data",
            "type": "coder_parameter",
            "name": "number_example_min_zero",
            "provider_name": "registry.terraform.io/coder/coder",
            "schema_version": 0,
            "values": {
              "default": "4",
              "description": null,
              "display_name": null,
              "icon": null,
              "id": "a8b5cfc6-c428-4e2e-8920-f3c27961a980",
              "legacy_variable": null,
              "legacy_variable_name": null,
              "mutable": false,
              "name": "number_example_min_zero",
              "option": null,
              "optional": true,
              "type": "number",
              "validation": [
                {
                  "error": "",
                  "max": 6,
                  "min": 0,
                  "monotonic": "",
                  "regex": ""
                }
              ],
              "value": "4"
            },
            "sensitive_values": {
              "validation": [
                {}
              ]
            }
          },
          {
            "address": "data.coder_parameter.sample",
            "mode": "data",
            "type": "coder_parameter",
            "name": "sample",
            "provider_name": "registry.terraform.io/coder/coder",
            "schema_version": 0,
            "values": {
              "default": "ok",
              "description": "blah blah",
              "display_name": null,
              "icon": null,
              "id": "cf4d916c-3b20-4427-9f7f-c4d01c62ac61",
              "legacy_variable": null,
              "legacy_variable_name": null,
              "mutable": false,
              "name": "Sample",
              "option": null,
              "optional": true,
              "type": "string",
              "validation": null,
              "value": "ok"
            },
            "sensitive_values": {}
          }
        ],
        "child_modules": [
          {
            "resources": [
              {
                "address": "module.this_is_external_module.data.coder_parameter.first_parameter_from_module",
                "mode": "data",
                "type": "coder_parameter",
                "name": "first_parameter_from_module",
                "provider_name": "registry.terraform.io/coder/coder",
                "schema_version": 0,
                "values": {
                  "default": "abcdef",
                  "description": "First parameter from module",
                  "display_name": null,
                  "icon": null,
                  "id": "20767647-94e4-414b-a7cd-34eadd0c7b62",
                  "legacy_variable": null,
                  "legacy_variable_name": null,
                  "mutable": true,
                  "name": "First parameter from module",
                  "option": null,
                  "optional": true,
                  "type": "string",
                  "validation": null,
                  "value": "abcdef"
                },
                "sensitive_values": {}
              },
              {
                "address": "module.this_is_external_module.data.coder_parameter.second_parameter_from_module",
                "mode": "data",
                "type": "coder_parameter",
                "name": "second_parameter_from_module",
                "provider_name": "registry.terraform.io/coder/coder",
                "schema_version": 0,
                "values": {
                  "default": "ghijkl",
                  "description": "Second parameter from module",
                  "display_name": null,
                  "icon": null,
                  "id": "e0d6df8e-8feb-42c8-94e1-1f8f4c3a87c4",
                  "legacy_variable": null,
                  "legacy_variable_name": null,
                  "mutable": true,
                  "name": "Second parameter from module",
                  "option": null,
                  "optional": true,
                  "type": "string",
                  "validation": null,
                  "value": "ghijkl"
                },
                "sensitive_values": {}
              }
            ],
            "address": "module.this_is_external_module"
          }
        ]
      }
    }
  },
  "configuration": {
    "provider_config": {
      "coder": {
        "name": "coder",
        "full_name": "registry.terraform.io/coder/coder",
        "version_constraint": "0.7.0"
      },
      "module.this_is_external_module:docker": {
        "name": "docker",
        "full_name": "registry.terraform.io/kreuzwerker/docker",
        "version_constraint": "~> 2.22",
        "module_address": "module.this_is_external_module"
      },
      "null": {
        "name": "null",
        "full_name": "registry.terraform.io/hashicorp/null"
      }
    },
    "root_module": {
      "resources": [
        {
          "address": "coder_agent.dev",
          "mode": "managed",
          "type": "coder_agent",
          "name": "dev",
          "provider_config_key": "coder",
          "expressions": {
            "arch": {
              "constant_value": "arm64"
            },
            "os": {
              "constant_value": "windows"
            }
          },
          "schema_version": 0
        },
        {
          "address": "null_resource.dev",
          "mode": "managed",
          "type": "null_resource",
          "name": "dev",
          "provider_config_key": "null",
          "schema_version": 0,
          "depends_on": [
            "coder_agent.dev"
          ]
        },
        {
          "address": "data.coder_parameter.example",
          "mode": "data",
          "type": "coder_parameter",
          "name": "example",
          "provider_config_key": "coder",
          "expressions": {
            "name": {
              "constant_value": "Example"
            },
            "option": [
              {
                "name": {
                  "constant_value": "First Option"
                },
                "value": {
                  "constant_value": "first"
                }
              },
              {
                "name": {
                  "constant_value": "Second Option"
                },
                "value": {
                  "constant_value": "second"
                }
              }
            ],
            "type": {
              "constant_value": "string"
            }
          },
          "schema_version": 0
        },
        {
          "address": "data.coder_parameter.number_example",
          "mode": "data",
          "type": "coder_parameter",
          "name": "number_example",
          "provider_config_key": "coder",
          "expressions": {
            "default": {
              "constant_value": 4
            },
            "name": {
              "constant_value": "number_example"
            },
            "type": {
              "constant_value": "number"
            }
          },
          "schema_version": 0
        },
        {
          "address": "data.coder_parameter.number_example_max_zero",
          "mode": "data",
          "type": "coder_parameter",
          "name": "number_example_max_zero",
          "provider_config_key": "coder",
          "expressions": {
            "default": {
              "constant_value": -2
            },
            "name": {
              "constant_value": "number_example_max_zero"
            },
            "type": {
              "constant_value": "number"
            },
            "validation": [
              {
                "max": {
                  "constant_value": 0
                },
                "min": {
                  "constant_value": -3
                }
              }
            ]
          },
          "schema_version": 0
        },
        {
          "address": "data.coder_parameter.number_example_min_max",
          "mode": "data",
          "type": "coder_parameter",
          "name": "number_example_min_max",
          "provider_config_key": "coder",
          "expressions": {
            "default": {
              "constant_value": 4
            },
            "name": {
              "constant_value": "number_example_min_max"
            },
            "type": {
              "constant_value": "number"
            },
            "validation": [
              {
                "max": {
                  "constant_value": 6
                },
                "min": {
                  "constant_value": 3
                }
              }
            ]
          },
          "schema_version": 0
        },
        {
          "address": "data.coder_parameter.number_example_min_zero",
          "mode": "data",
          "type": "coder_parameter",
          "name": "number_example_min_zero",
          "provider_config_key": "coder",
          "expressions": {
            "default": {
              "constant_value": 4
            },
            "name": {
              "constant_value": "number_example_min_zero"
            },
            "type": {
              "constant_value": "number"
            },
            "validation": [
              {
                "max": {
                  "constant_value": 6
                },
                "min": {
                  "constant_value": 0
                }
              }
            ]
          },
          "schema_version": 0
        },
        {
          "address": "data.coder_parameter.sample",
          "mode": "data",
          "type": "coder_parameter",
          "name": "sample",
          "provider_config_key": "coder",
          "expressions": {
            "default": {
              "constant_value": "ok"
            },
            "description": {
              "constant_value": "blah blah"
            },
            "name": {
              "constant_value": "Sample"
            },
            "type": {
              "constant_value": "string"
            }
          },
          "schema_version": 0
        }
      ],
      "module_calls": {
        "this_is_external_module": {
          "source": "./external-module",
          "module": {
            "resources": [
              {
                "address": "data.coder_parameter.first_parameter_from_module",
                "mode": "data",
                "type": "coder_parameter",
                "name": "first_parameter_from_module",
                "provider_config_key": "coder",
                "expressions": {
                  "default": {
                    "constant_value": "abcdef"
                  },
                  "description": {
                    "constant_value": "First parameter from module"
                  },
                  "mutable": {
                    "constant_value": true
                  },
                  "name": {
                    "constant_value": "First parameter from module"
                  },
                  "type": {
                    "constant_value": "string"
                  }
                },
                "schema_version": 0
              },
              {
                "address": "data.coder_parameter.second_parameter_from_module",
                "mode": "data",
                "type": "coder_parameter",
                "name": "second_parameter_from_module",
                "provider_config_key": "coder",
                "expressions": {
                  "default": {
                    "constant_value": "ghijkl"
                  },
                  "description": {
                    "constant_value": "Second parameter from module"
                  },
                  "mutable": {
                    "constant_value": true
                  },
                  "name": {
                    "constant_value": "Second parameter from module"
                  },
                  "type": {
                    "constant_value": "string"
                  }
                },
                "schema_version": 0
              }
            ]
          }
        }
      }
    }
  }
}
