{
  "format_version": "1.2",
  "terraform_version": "1.7.5",
  "planned_values": {
    "root_module": {
      "resources": [
        {
          "address": "coder_agent.dev",
          "mode": "managed",
          "type": "coder_agent",
          "name": "dev",
          "provider_name": "registry.terraform.io/coder/coder",
          "schema_version": 0,
          "values": {
            "arch": "arm64",
            "auth": "token",
            "connection_timeout": 120,
            "delay_login_until_ready": false,
            "dir": null,
            "env": null,
            "motd_file": null,
            "os": "windows",
            "shutdown_script": null,
            "startup_script": null,
            "startup_script_timeout": 300,
            "troubleshooting_url": null
          },
          "sensitive_values": {}
        },
        {
          "address": "null_resource.dev",
          "mode": "managed",
          "type": "null_resource",
          "name": "dev",
          "provider_name": "registry.terraform.io/hashicorp/null",
          "schema_version": 0,
          "values": {
            "triggers": null
          },
          "sensitive_values": {}
        }
      ]
    }
  },
  "resource_changes": [
    {
      "address": "coder_agent.dev",
      "mode": "managed",
      "type": "coder_agent",
      "name": "dev",
      "provider_name": "registry.terraform.io/coder/coder",
      "change": {
        "actions": [
          "create"
        ],
        "before": null,
        "after": {
          "arch": "arm64",
          "auth": "token",
          "connection_timeout": 120,
          "delay_login_until_ready": false,
          "dir": null,
          "env": null,
          "motd_file": null,
          "os": "windows",
          "shutdown_script": null,
          "startup_script": null,
          "startup_script_timeout": 300,
          "troubleshooting_url": null
        },
        "after_unknown": {
          "id": true,
          "init_script": true,
          "token": true
        },
        "before_sensitive": false,
        "after_sensitive": {
          "token": true
        }
      }
    },
    {
      "address": "null_resource.dev",
      "mode": "managed",
      "type": "null_resource",
      "name": "dev",
      "provider_name": "registry.terraform.io/hashicorp/null",
      "change": {
        "actions": [
          "create"
        ],
        "before": null,
        "after": {
          "triggers": null
        },
        "after_unknown": {
          "id": true
        },
        "before_sensitive": false,
        "after_sensitive": {}
      }
    }
  ],
  "prior_state": {
    "format_version": "1.0",
    "terraform_version": "1.7.5",
    "values": {
      "root_module": {
        "resources": [
          {
            "address": "data.coder_parameter.example",
            "mode": "data",
            "type": "coder_parameter",
            "name": "example",
            "provider_name": "registry.terraform.io/coder/coder",
            "schema_version": 0,
            "values": {
              "default": null,
              "description": null,
              "git_providers": null,
              "icon": null,
              "id": "1ffc8d22-735b-4387-8f2f-e2f99c8ada75",
              "mutable": false,
              "name": "Example",
              "option": [
                {
                  "description": "",
                  "icon": "",
                  "name": "First Option",
                  "value": "first"
                },
                {
                  "description": "",
                  "icon": "",
                  "name": "Second Option",
                  "value": "second"
                }
              ],
              "type": "string",
              "validation": null,
              "value": ""
            },
            "sensitive_values": {
              "option": [
                {},
                {}
              ]
            }
          },
          {
            "address": "data.coder_parameter.number_example",
            "mode": "data",
            "type": "coder_parameter",
            "name": "number_example",
            "provider_name": "registry.terraform.io/coder/coder",
            "schema_version": 0,
            "values": {
              "default": "4",
              "description": null,
              "git_providers": null,
              "icon": null,
              "id": "8190e039-1d7f-44e3-9d6e-d389e85fe3f1",
              "mutable": false,
              "name": "number_example",
              "option": null,
              "type": "number",
              "validation": null,
              "value": "4"
            },
            "sensitive_values": {}
          },
          {
            "address": "data.coder_parameter.number_example_max_zero",
            "mode": "data",
            "type": "coder_parameter",
            "name": "number_example_max_zero",
            "provider_name": "registry.terraform.io/coder/coder",
            "schema_version": 0,
            "values": {
              "default": "-2",
              "description": null,
              "git_providers": null,
              "icon": null,
              "id": "4a01da8f-6f60-456d-b04e-d9f3a6766fac",
              "mutable": false,
              "name": "number_example_max_zero",
              "option": null,
              "type": "number",
              "validation": [
                {
                  "error": "",
                  "max": 0,
                  "min": -3,
                  "regex": ""
                }
              ],
              "value": "-2"
            },
            "sensitive_values": {
              "validation": [
                {}
              ]
            }
          },
          {
            "address": "data.coder_parameter.number_example_min_max",
            "mode": "data",
            "type": "coder_parameter",
            "name": "number_example_min_max",
            "provider_name": "registry.terraform.io/coder/coder",
            "schema_version": 0,
            "values": {
              "default": "4",
              "description": null,
              "git_providers": null,
              "icon": null,
              "id": "73c2c941-6543-4c62-8c47-03cdfca0e005",
              "mutable": false,
              "name": "number_example_min_max",
              "option": null,
              "type": "number",
              "validation": [
                {
                  "error": "",
                  "max": 6,
                  "min": 3,
                  "regex": ""
                }
              ],
              "value": "4"
            },
            "sensitive_values": {
              "validation": [
                {}
              ]
            }
          },
          {
            "address": "data.coder_parameter.number_example_min_zero",
            "mode": "data",
            "type": "coder_parameter",
            "name": "number_example_min_zero",
            "provider_name": "registry.terraform.io/coder/coder",
            "schema_version": 0,
            "values": {
              "default": "4",
              "description": null,
              "git_providers": null,
              "icon": null,
              "id": "8d715d48-67ed-4007-b79b-d2213d355216",
              "mutable": false,
              "name": "number_example_min_zero",
              "option": null,
              "type": "number",
              "validation": [
                {
                  "error": "",
                  "max": 6,
                  "min": 0,
                  "regex": ""
                }
              ],
              "value": "4"
            },
            "sensitive_values": {
              "validation": [
                {}
              ]
            }
          },
          {
            "address": "data.coder_parameter.sample",
            "mode": "data",
            "type": "coder_parameter",
            "name": "sample",
            "provider_name": "registry.terraform.io/coder/coder",
            "schema_version": 0,
            "values": {
              "default": "ok",
              "description": "blah blah",
              "git_providers": null,
              "icon": null,
              "id": "4e9b8a3a-e9ce-409c-b362-22b35af3610c",
              "mutable": false,
              "name": "Sample",
              "option": null,
              "type": "string",
              "validation": null,
              "value": "ok"
            },
            "sensitive_values": {}
          }
        ],
        "child_modules": [
          {
            "resources": [
              {
                "address": "module.this_is_external_module.data.coder_parameter.first_parameter_from_module",
                "mode": "data",
                "type": "coder_parameter",
                "name": "first_parameter_from_module",
                "provider_name": "registry.terraform.io/coder/coder",
                "schema_version": 0,
                "values": {
                  "default": "abcdef",
                  "description": "First parameter from module",
                  "git_providers": null,
                  "icon": null,
                  "id": "15080135-dc24-4eb9-bbef-ff6a82024bc9",
                  "mutable": true,
                  "name": "First parameter from module",
                  "option": null,
                  "type": "string",
                  "validation": null,
                  "value": "abcdef"
                },
                "sensitive_values": {}
              },
              {
                "address": "module.this_is_external_module.data.coder_parameter.second_parameter_from_module",
                "mode": "data",
                "type": "coder_parameter",
                "name": "second_parameter_from_module",
                "provider_name": "registry.terraform.io/coder/coder",
                "schema_version": 0,
                "values": {
                  "default": "ghijkl",
                  "description": "Second parameter from module",
                  "git_providers": null,
                  "icon": null,
                  "id": "0d8afcd9-1aee-44df-bd95-8b1fe249d4f4",
                  "mutable": true,
                  "name": "Second parameter from module",
                  "option": null,
                  "type": "string",
                  "validation": null,
                  "value": "ghijkl"
                },
                "sensitive_values": {}
              }
            ],
            "address": "module.this_is_external_module",
            "child_modules": [
              {
                "resources": [
                  {
                    "address": "module.this_is_external_module.module.this_is_external_child_module.data.coder_parameter.child_first_parameter_from_module",
                    "mode": "data",
                    "type": "coder_parameter",
                    "name": "child_first_parameter_from_module",
                    "provider_name": "registry.terraform.io/coder/coder",
                    "schema_version": 0,
                    "values": {
                      "default": "abcdef",
                      "description": "First parameter from child module",
                      "git_providers": null,
                      "icon": null,
                      "id": "e398c930-e6a9-409d-bd74-fca2e7f0b0c7",
                      "mutable": true,
                      "name": "First parameter from child module",
                      "option": null,
                      "type": "string",
                      "validation": null,
                      "value": "abcdef"
                    },
                    "sensitive_values": {}
                  },
                  {
                    "address": "module.this_is_external_module.module.this_is_external_child_module.data.coder_parameter.child_second_parameter_from_module",
                    "mode": "data",
                    "type": "coder_parameter",
                    "name": "child_second_parameter_from_module",
                    "provider_name": "registry.terraform.io/coder/coder",
                    "schema_version": 0,
                    "values": {
                      "default": "ghijkl",
                      "description": "Second parameter from child module",
                      "git_providers": null,
                      "icon": null,
                      "id": "ef7c1575-1769-487d-9a12-ba6945a4cb57",
                      "mutable": true,
                      "name": "Second parameter from child module",
                      "option": null,
                      "type": "string",
                      "validation": null,
                      "value": "ghijkl"
                    },
                    "sensitive_values": {}
                  }
                ],
                "address": "module.this_is_external_module.module.this_is_external_child_module"
              }
            ]
          }
        ]
      }
    }
  },
  "configuration": {
    "provider_config": {
      "coder": {
        "name": "coder",
        "full_name": "registry.terraform.io/coder/coder",
        "version_constraint": "0.7.0"
      },
      "module.this_is_external_module:docker": {
        "name": "docker",
        "full_name": "registry.terraform.io/kreuzwerker/docker",
        "version_constraint": "~> 2.22",
        "module_address": "module.this_is_external_module"
      },
      "null": {
        "name": "null",
        "full_name": "registry.terraform.io/hashicorp/null"
      }
    },
    "root_module": {
      "resources": [
        {
          "address": "coder_agent.dev",
          "mode": "managed",
          "type": "coder_agent",
          "name": "dev",
          "provider_config_key": "coder",
          "expressions": {
            "arch": {
              "constant_value": "arm64"
            },
            "os": {
              "constant_value": "windows"
            }
          },
          "schema_version": 0
        },
        {
          "address": "null_resource.dev",
          "mode": "managed",
          "type": "null_resource",
          "name": "dev",
          "provider_config_key": "null",
          "schema_version": 0,
          "depends_on": [
            "coder_agent.dev"
          ]
        },
        {
          "address": "data.coder_parameter.example",
          "mode": "data",
          "type": "coder_parameter",
          "name": "example",
          "provider_config_key": "coder",
          "expressions": {
            "name": {
              "constant_value": "Example"
            },
            "option": [
              {
                "name": {
                  "constant_value": "First Option"
                },
                "value": {
                  "constant_value": "first"
                }
              },
              {
                "name": {
                  "constant_value": "Second Option"
                },
                "value": {
                  "constant_value": "second"
                }
              }
            ],
            "type": {
              "constant_value": "string"
            }
          },
          "schema_version": 0
        },
        {
          "address": "data.coder_parameter.number_example",
          "mode": "data",
          "type": "coder_parameter",
          "name": "number_example",
          "provider_config_key": "coder",
          "expressions": {
            "default": {
              "constant_value": 4
            },
            "name": {
              "constant_value": "number_example"
            },
            "type": {
              "constant_value": "number"
            }
          },
          "schema_version": 0
        },
        {
          "address": "data.coder_parameter.number_example_max_zero",
          "mode": "data",
          "type": "coder_parameter",
          "name": "number_example_max_zero",
          "provider_config_key": "coder",
          "expressions": {
            "default": {
              "constant_value": -2
            },
            "name": {
              "constant_value": "number_example_max_zero"
            },
            "type": {
              "constant_value": "number"
            },
            "validation": [
              {
                "max": {
                  "constant_value": 0
                },
                "min": {
                  "constant_value": -3
                }
              }
            ]
          },
          "schema_version": 0
        },
        {
          "address": "data.coder_parameter.number_example_min_max",
          "mode": "data",
          "type": "coder_parameter",
          "name": "number_example_min_max",
          "provider_config_key": "coder",
          "expressions": {
            "default": {
              "constant_value": 4
            },
            "name": {
              "constant_value": "number_example_min_max"
            },
            "type": {
              "constant_value": "number"
            },
            "validation": [
              {
                "max": {
                  "constant_value": 6
                },
                "min": {
                  "constant_value": 3
                }
              }
            ]
          },
          "schema_version": 0
        },
        {
          "address": "data.coder_parameter.number_example_min_zero",
          "mode": "data",
          "type": "coder_parameter",
          "name": "number_example_min_zero",
          "provider_config_key": "coder",
          "expressions": {
            "default": {
              "constant_value": 4
            },
            "name": {
              "constant_value": "number_example_min_zero"
            },
            "type": {
              "constant_value": "number"
            },
            "validation": [
              {
                "max": {
                  "constant_value": 6
                },
                "min": {
                  "constant_value": 0
                }
              }
            ]
          },
          "schema_version": 0
        },
        {
          "address": "data.coder_parameter.sample",
          "mode": "data",
          "type": "coder_parameter",
          "name": "sample",
          "provider_config_key": "coder",
          "expressions": {
            "default": {
              "constant_value": "ok"
            },
            "description": {
              "constant_value": "blah blah"
            },
            "name": {
              "constant_value": "Sample"
            },
            "type": {
              "constant_value": "string"
            }
          },
          "schema_version": 0
        }
      ],
      "module_calls": {
        "this_is_external_module": {
          "source": "./external-module",
          "module": {
            "resources": [
              {
                "address": "data.coder_parameter.first_parameter_from_module",
                "mode": "data",
                "type": "coder_parameter",
                "name": "first_parameter_from_module",
                "provider_config_key": "coder",
                "expressions": {
                  "default": {
                    "constant_value": "abcdef"
                  },
                  "description": {
                    "constant_value": "First parameter from module"
                  },
                  "mutable": {
                    "constant_value": true
                  },
                  "name": {
                    "constant_value": "First parameter from module"
                  },
                  "type": {
                    "constant_value": "string"
                  }
                },
                "schema_version": 0
              },
              {
                "address": "data.coder_parameter.second_parameter_from_module",
                "mode": "data",
                "type": "coder_parameter",
                "name": "second_parameter_from_module",
                "provider_config_key": "coder",
                "expressions": {
                  "default": {
                    "constant_value": "ghijkl"
                  },
                  "description": {
                    "constant_value": "Second parameter from module"
                  },
                  "mutable": {
                    "constant_value": true
                  },
                  "name": {
                    "constant_value": "Second parameter from module"
                  },
                  "type": {
                    "constant_value": "string"
                  }
                },
                "schema_version": 0
              }
            ],
            "module_calls": {
              "this_is_external_child_module": {
                "source": "./child-external-module",
                "module": {
                  "resources": [
                    {
                      "address": "data.coder_parameter.child_first_parameter_from_module",
                      "mode": "data",
                      "type": "coder_parameter",
                      "name": "child_first_parameter_from_module",
                      "provider_config_key": "coder",
                      "expressions": {
                        "default": {
                          "constant_value": "abcdef"
                        },
                        "description": {
                          "constant_value": "First parameter from child module"
                        },
                        "mutable": {
                          "constant_value": true
                        },
                        "name": {
                          "constant_value": "First parameter from child module"
                        },
                        "type": {
                          "constant_value": "string"
                        }
                      },
                      "schema_version": 0
                    },
                    {
                      "address": "data.coder_parameter.child_second_parameter_from_module",
                      "mode": "data",
                      "type": "coder_parameter",
                      "name": "child_second_parameter_from_module",
                      "provider_config_key": "coder",
                      "expressions": {
                        "default": {
                          "constant_value": "ghijkl"
                        },
                        "description": {
                          "constant_value": "Second parameter from child module"
                        },
                        "mutable": {
                          "constant_value": true
                        },
                        "name": {
                          "constant_value": "Second parameter from child module"
                        },
                        "type": {
                          "constant_value": "string"
                        }
                      },
                      "schema_version": 0
                    }
                  ]
                }
              }
            }
          }
        }
      }
    }
  },
  "timestamp": "2024-05-22T15:32:37Z",
  "errored": false
}
