{
	"format_version": "1.2",
	"terraform_version": "1.11.0",
	"planned_values": {
		"root_module": {
			"resources": [
				{
					"address": "coder_agent.main",
					"mode": "managed",
					"type": "coder_agent",
					"name": "main",
					"provider_name": "registry.terraform.io/coder/coder",
					"schema_version": 1,
					"values": {
						"arch": "amd64",
						"auth": "token",
						"connection_timeout": 120,
						"dir": null,
						"env": null,
						"metadata": [],
						"motd_file": null,
						"order": null,
						"os": "linux",
						"resources_monitoring": [],
						"shutdown_script": null,
						"startup_script": null,
						"startup_script_behavior": "non-blocking",
						"troubleshooting_url": null
					},
					"sensitive_values": {
						"display_apps": [],
						"metadata": [],
						"resources_monitoring": [],
						"token": true
					}
				},
				{
					"address": "null_resource.dev",
					"mode": "managed",
					"type": "null_resource",
					"name": "dev",
					"provider_name": "registry.terraform.io/hashicorp/null",
					"schema_version": 0,
					"values": {
						"triggers": null
					},
					"sensitive_values": {}
				}
			]
		}
	},
	"resource_changes": [
		{
			"address": "coder_agent.main",
			"mode": "managed",
			"type": "coder_agent",
			"name": "main",
			"provider_name": "registry.terraform.io/coder/coder",
			"change": {
				"actions": [
					"create"
				],
				"before": null,
				"after": {
					"arch": "amd64",
					"auth": "token",
					"connection_timeout": 120,
					"dir": null,
					"env": null,
					"metadata": [],
					"motd_file": null,
					"order": null,
					"os": "linux",
					"resources_monitoring": [],
					"shutdown_script": null,
					"startup_script": null,
					"startup_script_behavior": "non-blocking",
					"troubleshooting_url": null
				},
				"after_unknown": {
					"display_apps": true,
					"id": true,
					"init_script": true,
					"metadata": [],
					"resources_monitoring": [],
					"token": true
				},
				"before_sensitive": false,
				"after_sensitive": {
					"display_apps": [],
					"metadata": [],
					"resources_monitoring": [],
					"token": true
				}
			}
		},
		{
			"address": "null_resource.dev",
			"mode": "managed",
			"type": "null_resource",
			"name": "dev",
			"provider_name": "registry.terraform.io/hashicorp/null",
			"change": {
				"actions": [
					"create"
				],
				"before": null,
				"after": {
					"triggers": null
				},
				"after_unknown": {
					"id": true
				},
				"before_sensitive": false,
				"after_sensitive": {}
			}
		}
	],
	"prior_state": {
		"format_version": "1.0",
		"terraform_version": "1.11.0",
		"values": {
			"root_module": {
				"resources": [
					{
						"address": "data.coder_external_auth.github",
						"mode": "data",
						"type": "coder_external_auth",
						"name": "github",
						"provider_name": "registry.terraform.io/coder/coder",
						"schema_version": 0,
						"values": {
							"access_token": "",
							"id": "github",
							"optional": null
						},
						"sensitive_values": {}
					},
					{
						"address": "data.coder_external_auth.gitlab",
						"mode": "data",
						"type": "coder_external_auth",
						"name": "gitlab",
						"provider_name": "registry.terraform.io/coder/coder",
						"schema_version": 0,
						"values": {
							"access_token": "",
							"id": "gitlab",
							"optional": true
						},
						"sensitive_values": {}
					}
				]
			}
		}
	},
	"configuration": {
		"provider_config": {
			"coder": {
				"name": "coder",
				"full_name": "registry.terraform.io/coder/coder",
				"version_constraint": ">= 2.0.0"
			},
			"null": {
				"name": "null",
				"full_name": "registry.terraform.io/hashicorp/null"
			}
		},
		"root_module": {
			"resources": [
				{
					"address": "coder_agent.main",
					"mode": "managed",
					"type": "coder_agent",
					"name": "main",
					"provider_config_key": "coder",
					"expressions": {
						"arch": {
							"constant_value": "amd64"
						},
						"os": {
							"constant_value": "linux"
						}
					},
					"schema_version": 1
				},
				{
					"address": "null_resource.dev",
					"mode": "managed",
					"type": "null_resource",
					"name": "dev",
					"provider_config_key": "null",
					"schema_version": 0,
					"depends_on": [
						"coder_agent.main"
					]
				},
				{
					"address": "data.coder_external_auth.github",
					"mode": "data",
					"type": "coder_external_auth",
					"name": "github",
					"provider_config_key": "coder",
					"expressions": {
						"id": {
							"constant_value": "github"
						}
					},
					"schema_version": 0
				},
				{
					"address": "data.coder_external_auth.gitlab",
					"mode": "data",
					"type": "coder_external_auth",
					"name": "gitlab",
					"provider_config_key": "coder",
					"expressions": {
						"id": {
							"constant_value": "gitlab"
						},
						"optional": {
							"constant_value": true
						}
					},
					"schema_version": 0
				}
			]
		}
	},
	"timestamp": "2025-03-03T20:39:59Z",
	"applyable": true,
	"complete": true,
	"errored": false
}
