{
  "name": "coder",
  "lockfileVersion": 2,
  "requires": true,
  "packages": {
    "": {
      "dependencies": {
        "chroma-js": "^2.4.2"
      },
      "devDependencies": {
        "@types/chroma-js": "^2.4.0"
      }
    },
    "node_modules/@types/chroma-js": {
      "version": "2.4.0",
      "resolved": "https://registry.npmjs.org/@types/chroma-js/-/chroma-js-2.4.0.tgz",
      "integrity": "sha512-JklMxityrwjBTjGY2anH8JaTx3yjRU3/sEHSblLH1ba5lqcSh1LnImXJZO5peJfXyqKYWjHTGy4s5Wz++hARrw==",
      "dev": true
    },
    "node_modules/chroma-js": {
      "version": "2.4.2",
      "resolved": "https://registry.npmjs.org/chroma-js/-/chroma-js-2.4.2.tgz",
      "integrity": "sha512-U9eDw6+wt7V8z5NncY2jJfZa+hUH8XEj8FQHgFJTrUFnJfXYf4Ml4adI2vXZOjqRDpFWtYVWypDfZwnJ+HIR4A=="
    }
  },
  "dependencies": {
    "@types/chroma-js": {
      "version": "2.4.0",
      "resolved": "https://registry.npmjs.org/@types/chroma-js/-/chroma-js-2.4.0.tgz",
      "integrity": "sha512-JklMxityrwjBTjGY2anH8JaTx3yjRU3/sEHSblLH1ba5lqcSh1LnImXJZO5peJfXyqKYWjHTGy4s5Wz++hARrw==",
      "dev": true
    },
    "chroma-js": {
      "version": "2.4.2",
      "resolved": "https://registry.npmjs.org/chroma-js/-/chroma-js-2.4.2.tgz",
      "integrity": "sha512-U9eDw6+wt7V8z5NncY2jJfZa+hUH8XEj8FQHgFJTrUFnJfXYf4Ml4adI2vXZOjqRDpFWtYVWypDfZwnJ+HIR4A=="
    }
  }
}
