{
  "name": "coder",
  "version": "0.0.0",
  "lockfileVersion": 3,
  "requires": true,
  "packages": {
    "": {
      "name": "coder",
      "version": "0.0.0",
      "dependencies": {
        "exec": "^0.2.1"
      },
      "devDependencies": {
        "prettier": "3.0.0"
      }
    },
    "node_modules/.pnpm/exec@0.2.1/node_modules/exec": {
      "version": "0.2.1",
      "devDependencies": {},
      "engines": {
        "node": ">= v0.9.1"
      }
    },
    "node_modules/.pnpm/prettier@3.0.0/node_modules/prettier": {
      "version": "3.0.0",
      "dev": true,
      "license": "MIT",
      "bin": {
        "prettier": "bin/prettier.cjs"
      },
      "engines": {
        "node": ">=14"
      },
      "funding": {
        "url": "https://github.com/prettier/prettier?sponsor=1"
      }
    },
    "node_modules/exec": {
      "resolved": "node_modules/.pnpm/exec@0.2.1/node_modules/exec",
      "link": true
    },
    "node_modules/prettier": {
      "resolved": "node_modules/.pnpm/prettier@3.0.0/node_modules/prettier",
      "link": true
    }
  }
}
