lockfileVersion: '6.0'

settings:
  autoInstallPeers: true
  excludeLinksFromLockfile: false

dependencies:
  chartjs-plugin-labels:
    specifier: ^1.1.0
    version: 1.1.0(chart.js@2.9.4)
  exec:
    specifier: ^0.2.1
    version: 0.2.1

devDependencies:
  prettier:
    specifier: 3.0.0
    version: 3.0.0

packages:

  /chart.js@2.9.4:
    resolution: {integrity: sha512-B07aAzxcrikjAPyV+01j7BmOpxtQETxTSlQ26BEYJ+3iUkbNKaOJ/nDbT6JjyqYxseM0ON12COHYdU2cTIjC7A==}
    dependencies:
      chartjs-color: 2.4.1
      moment: 2.30.1
    dev: false

  /chartjs-color-string@0.6.0:
    resolution: {integrity: sha512-TIB5OKn1hPJvO7JcteW4WY/63v6KwEdt6udfnDE9iCAZgy+V4SrbSxoIbTw/xkUIapjEI4ExGtD0+6D3KyFd7A==}
    dependencies:
      color-name: 1.1.4
    dev: false

  /chartjs-color@2.4.1:
    resolution: {integrity: sha512-haqOg1+Yebys/Ts/9bLo/BqUcONQOdr/hoEr2LLTRl6C5LXctUdHxsCYfvQVg5JIxITrfCNUDr4ntqmQk9+/0w==}
    dependencies:
      chartjs-color-string: 0.6.0
      color-convert: 1.9.3
    dev: false

  /chartjs-plugin-labels@1.1.0(chart.js@2.9.4):
    resolution: {integrity: sha512-ab1oiQT7oMnpYDn6h8biL7VZM0qIxtwfhQw1+qH7xe7Ia6lBKX/ks5rEhgI6CZ4PlRRgDFGK9Mf/T2SO9l+NCA==}
    peerDependencies:
      chart.js: ^2.6.0
    dependencies:
      chart.js: 2.9.4
    dev: false

  /color-convert@1.9.3:
    resolution: {integrity: sha512-QfAUtd+vFdAtFQcC8CCyYt1fYWxSqAiK2cSD6zDB8N3cpsEBAvRxp9zOGg6G/SHHJYAT88/az/IuDGALsNVbGg==}
    dependencies:
      color-name: 1.1.3
    dev: false

  /color-name@1.1.3:
    resolution: {integrity: sha512-72fSenhMw2HZMTVHeCA9KCmpEIbzWiQsjN+BHcBbS9vr1mtt+vJjPdksIBNUmKAW8TFUDPJK5SUU3QhE9NEXDw==}
    dev: false

  /color-name@1.1.4:
    resolution: {integrity: sha512-dOy+3AuW3a2wNbZHIuMZpTcgjGuLU/uBL/ubcZF9OXbDo8ff4O8yVp5Bf0efS8uEoYo5q4Fx7dY9OgQGXgAsQA==}
    dev: false

  /exec@0.2.1:
    resolution: {integrity: sha512-lE5ZlJgRYh+rmwidatL2AqRA/U9IBoCpKlLriBmnfUIrV/Rj4oLjb63qZ57iBCHWi5j9IjLt5wOWkFYPiTfYAg==}
    engines: {node: '>= v0.9.1'}
    deprecated: deprecated in favor of builtin child_process.execFile
    dev: false

  /moment@2.30.1:
    resolution: {integrity: sha512-uEmtNhbDOrWPFS+hdjFCBfy9f2YoyzRpwcl+DqpC6taX21FzsTLQVbMV/W7PzNSX6x/bhC1zA3c2UQ5NzH6how==}
    dev: false

  /prettier@3.0.0:
    resolution: {integrity: sha512-zBf5eHpwHOGPC47h0zrPyNn+eAEIdEzfywMoYn2XPi0P44Zp0tSq64rq0xAREh4auw2cJZHo9QUob+NqCQky4g==}
    engines: {node: '>=14'}
    hasBin: true
    dev: true
