# THIS IS AN AUTOGENERATED FILE. DO NOT EDIT THIS FILE DIRECTLY.
# yarn lockfile v1


"@types/chroma-js@^2.4.0":
  "integrity" "sha512-JklMxityrwjBTjGY2anH8JaTx3yjRU3/sEHSblLH1ba5lqcSh1LnImXJZO5peJfXyqKYWjHTGy4s5Wz++hARrw=="
  "resolved" "https://registry.npmjs.org/@types/chroma-js/-/chroma-js-2.4.0.tgz"
  "version" "2.4.0"

"chroma-js@^2.4.2":
  "integrity" "sha512-U9eDw6+wt7V8z5NncY2jJfZa+hUH8XEj8FQHgFJTrUFnJfXYf4Ml4adI2vXZOjqRDpFWtYVWypDfZwnJ+HIR4A=="
  "resolved" "https://registry.npmjs.org/chroma-js/-/chroma-js-2.4.2.tgz"
  "version" "2.4.2"
