# THIS IS AN AUTOGENERATED FILE. DO NOT EDIT THIS FILE DIRECTLY.
# yarn lockfile v1


js-untar@^2.0.0:
  version "2.0.0"
  resolved "https://registry.yarnpkg.com/js-untar/-/js-untar-2.0.0.tgz#b452d28dedd3b0be92c2ac9a7d70f612a93c7453"
  integrity sha512-7CsDLrYQMbLxDt2zl9uKaPZSdmJMvGGQ7wo9hoB3J+z/VcO2w63bXFgHVnjF1+S9wD3zAu8FBVj7EYWjTQ3Z7g==
