{
	"format_version": "1.2",
	"terraform_version": "1.9.8",
	"planned_values": {
		"root_module": {
			"resources": [
				{
					"address": "coder_agent.dev",
					"mode": "managed",
					"type": "coder_agent",
					"name": "dev",
					"provider_name": "registry.terraform.io/coder/coder",
					"schema_version": 0,
					"values": {
						"arch": "amd64",
						"auth": "token",
						"connection_timeout": 120,
						"dir": null,
						"env": null,
						"login_before_ready": true,
						"metadata": [],
						"motd_file": null,
						"order": null,
						"os": "linux",
						"shutdown_script": null,
						"shutdown_script_timeout": 300,
						"startup_script": null,
						"startup_script_behavior": null,
						"startup_script_timeout": 300,
						"troubleshooting_url": null
					},
					"sensitive_values": {
						"display_apps": [],
						"metadata": [],
						"token": true
					}
				},
				{
					"address": "coder_app.apps[\"app1\"]",
					"mode": "managed",
					"type": "coder_app",
					"name": "apps",
					"index": "app1",
					"provider_name": "registry.terraform.io/coder/coder",
					"schema_version": 0,
					"values": {
						"command": null,
						"display_name": "app1",
						"external": false,
						"healthcheck": [],
						"icon": null,
						"name": null,
						"order": null,
						"relative_path": null,
						"share": "owner",
						"slug": "app1",
						"subdomain": null,
						"url": null
					},
					"sensitive_values": {
						"healthcheck": []
					}
				},
				{
					"address": "coder_app.apps[\"app2\"]",
					"mode": "managed",
					"type": "coder_app",
					"name": "apps",
					"index": "app2",
					"provider_name": "registry.terraform.io/coder/coder",
					"schema_version": 0,
					"values": {
						"command": null,
						"display_name": "app2",
						"external": false,
						"healthcheck": [],
						"icon": null,
						"name": null,
						"order": null,
						"relative_path": null,
						"share": "owner",
						"slug": "app2",
						"subdomain": null,
						"url": null
					},
					"sensitive_values": {
						"healthcheck": []
					}
				},
				{
					"address": "null_resource.dev",
					"mode": "managed",
					"type": "null_resource",
					"name": "dev",
					"provider_name": "registry.terraform.io/hashicorp/null",
					"schema_version": 0,
					"values": {
						"triggers": null
					},
					"sensitive_values": {}
				}
			]
		}
	},
	"resource_changes": [
		{
			"address": "coder_agent.dev",
			"mode": "managed",
			"type": "coder_agent",
			"name": "dev",
			"provider_name": "registry.terraform.io/coder/coder",
			"change": {
				"actions": ["create"],
				"before": null,
				"after": {
					"arch": "amd64",
					"auth": "token",
					"connection_timeout": 120,
					"dir": null,
					"env": null,
					"login_before_ready": true,
					"metadata": [],
					"motd_file": null,
					"order": null,
					"os": "linux",
					"shutdown_script": null,
					"shutdown_script_timeout": 300,
					"startup_script": null,
					"startup_script_behavior": null,
					"startup_script_timeout": 300,
					"troubleshooting_url": null
				},
				"after_unknown": {
					"display_apps": true,
					"id": true,
					"init_script": true,
					"metadata": [],
					"token": true
				},
				"before_sensitive": false,
				"after_sensitive": {
					"display_apps": [],
					"metadata": [],
					"token": true
				}
			}
		},
		{
			"address": "coder_app.apps[\"app1\"]",
			"mode": "managed",
			"type": "coder_app",
			"name": "apps",
			"index": "app1",
			"provider_name": "registry.terraform.io/coder/coder",
			"change": {
				"actions": ["create"],
				"before": null,
				"after": {
					"command": null,
					"display_name": "app1",
					"external": false,
					"healthcheck": [],
					"icon": null,
					"name": null,
					"order": null,
					"relative_path": null,
					"share": "owner",
					"slug": "app1",
					"subdomain": null,
					"url": null
				},
				"after_unknown": {
					"agent_id": true,
					"healthcheck": [],
					"id": true
				},
				"before_sensitive": false,
				"after_sensitive": {
					"healthcheck": []
				}
			}
		},
		{
			"address": "coder_app.apps[\"app2\"]",
			"mode": "managed",
			"type": "coder_app",
			"name": "apps",
			"index": "app2",
			"provider_name": "registry.terraform.io/coder/coder",
			"change": {
				"actions": ["create"],
				"before": null,
				"after": {
					"command": null,
					"display_name": "app2",
					"external": false,
					"healthcheck": [],
					"icon": null,
					"name": null,
					"order": null,
					"relative_path": null,
					"share": "owner",
					"slug": "app2",
					"subdomain": null,
					"url": null
				},
				"after_unknown": {
					"agent_id": true,
					"healthcheck": [],
					"id": true
				},
				"before_sensitive": false,
				"after_sensitive": {
					"healthcheck": []
				}
			}
		},
		{
			"address": "null_resource.dev",
			"mode": "managed",
			"type": "null_resource",
			"name": "dev",
			"provider_name": "registry.terraform.io/hashicorp/null",
			"change": {
				"actions": ["create"],
				"before": null,
				"after": {
					"triggers": null
				},
				"after_unknown": {
					"id": true
				},
				"before_sensitive": false,
				"after_sensitive": {}
			}
		}
	],
	"configuration": {
		"provider_config": {
			"coder": {
				"name": "coder",
				"full_name": "registry.terraform.io/coder/coder",
				"version_constraint": "0.22.0"
			},
			"null": {
				"name": "null",
				"full_name": "registry.terraform.io/hashicorp/null"
			}
		},
		"root_module": {
			"resources": [
				{
					"address": "coder_agent.dev",
					"mode": "managed",
					"type": "coder_agent",
					"name": "dev",
					"provider_config_key": "coder",
					"expressions": {
						"arch": {
							"constant_value": "amd64"
						},
						"os": {
							"constant_value": "linux"
						}
					},
					"schema_version": 0
				},
				{
					"address": "coder_app.apps",
					"mode": "managed",
					"type": "coder_app",
					"name": "apps",
					"provider_config_key": "coder",
					"expressions": {
						"agent_id": {
							"references": ["coder_agent.dev.id", "coder_agent.dev"]
						},
						"display_name": {
							"references": ["each.value.name", "each.value"]
						},
						"slug": {
							"references": ["each.key"]
						}
					},
					"schema_version": 0,
					"for_each_expression": {
						"references": ["local.apps_map"]
					}
				},
				{
					"address": "null_resource.dev",
					"mode": "managed",
					"type": "null_resource",
					"name": "dev",
					"provider_config_key": "null",
					"schema_version": 0,
					"depends_on": ["coder_agent.dev"]
				}
			]
		}
	},
	"relevant_attributes": [
		{
			"resource": "coder_agent.dev",
			"attribute": ["id"]
		}
	],
	"timestamp": "2024-10-28T20:08:02Z",
	"applyable": true,
	"complete": true,
	"errored": false
}
