{
  "format_version": "1.2",
  "terraform_version": "1.12.2",
  "planned_values": {
    "root_module": {
      "resources": [
        {
          "address": "coder_agent.main",
          "mode": "managed",
          "type": "coder_agent",
          "name": "main",
          "provider_name": "registry.terraform.io/coder/coder",
          "schema_version": 1,
          "values": {
            "api_key_scope": "all",
            "arch": "amd64",
            "auth": "token",
            "connection_timeout": 120,
            "dir": null,
            "env": null,
            "metadata": [],
            "motd_file": null,
            "order": null,
            "os": "linux",
            "resources_monitoring": [],
            "shutdown_script": null,
            "startup_script": null,
            "startup_script_behavior": "non-blocking",
            "troubleshooting_url": null
          },
          "sensitive_values": {
            "display_apps": [],
            "metadata": [],
            "resources_monitoring": []
          }
        },
        {
          "address": "coder_ai_task.a",
          "mode": "managed",
          "type": "coder_ai_task",
          "name": "a",
          "provider_name": "registry.terraform.io/coder/coder",
          "schema_version": 1,
          "values": {
            "sidebar_app": [
              {
                "id": "5ece4674-dd35-4f16-88c8-82e40e72e2fd"
              }
            ]
          },
          "sensitive_values": {
            "sidebar_app": [
              {}
            ]
          }
        }
      ]
    }
  },
  "resource_changes": [
    {
      "address": "coder_agent.main",
      "mode": "managed",
      "type": "coder_agent",
      "name": "main",
      "provider_name": "registry.terraform.io/coder/coder",
      "change": {
        "actions": [
          "create"
        ],
        "before": null,
        "after": {
          "api_key_scope": "all",
          "arch": "amd64",
          "auth": "token",
          "connection_timeout": 120,
          "dir": null,
          "env": null,
          "metadata": [],
          "motd_file": null,
          "order": null,
          "os": "linux",
          "resources_monitoring": [],
          "shutdown_script": null,
          "startup_script": null,
          "startup_script_behavior": "non-blocking",
          "troubleshooting_url": null
        },
        "after_unknown": {
          "display_apps": true,
          "id": true,
          "init_script": true,
          "metadata": [],
          "resources_monitoring": [],
          "token": true
        },
        "before_sensitive": false,
        "after_sensitive": {
          "display_apps": [],
          "metadata": [],
          "resources_monitoring": [],
          "token": true
        }
      }
    },
    {
      "address": "coder_ai_task.a",
      "mode": "managed",
      "type": "coder_ai_task",
      "name": "a",
      "provider_name": "registry.terraform.io/coder/coder",
      "change": {
        "actions": [
          "create"
        ],
        "before": null,
        "after": {
          "sidebar_app": [
            {
              "id": "5ece4674-dd35-4f16-88c8-82e40e72e2fd"
            }
          ]
        },
        "after_unknown": {
          "id": true,
          "sidebar_app": [
            {}
          ]
        },
        "before_sensitive": false,
        "after_sensitive": {
          "sidebar_app": [
            {}
          ]
        }
      }
    }
  ],
  "prior_state": {
    "format_version": "1.0",
    "terraform_version": "1.12.2",
    "values": {
      "root_module": {
        "resources": [
          {
            "address": "data.coder_provisioner.me",
            "mode": "data",
            "type": "coder_provisioner",
            "name": "me",
            "provider_name": "registry.terraform.io/coder/coder",
            "schema_version": 0,
            "values": {
              "arch": "amd64",
              "id": "5a6ecb8b-fd26-4cfc-91b1-651d06bee98c",
              "os": "linux"
            },
            "sensitive_values": {}
          },
          {
            "address": "data.coder_workspace.me",
            "mode": "data",
            "type": "coder_workspace",
            "name": "me",
            "provider_name": "registry.terraform.io/coder/coder",
            "schema_version": 0,
            "values": {
              "access_port": 443,
              "access_url": "https://mydeployment.coder.com",
              "id": "bf9ee323-4f3a-4d45-9841-2dcd6265e830",
              "is_prebuild": false,
              "is_prebuild_claim": false,
              "name": "default",
              "prebuild_count": 0,
              "start_count": 1,
              "template_id": "",
              "template_name": "",
              "template_version": "",
              "transition": "start"
            },
            "sensitive_values": {}
          },
          {
            "address": "data.coder_workspace_owner.me",
            "mode": "data",
            "type": "coder_workspace_owner",
            "name": "me",
            "provider_name": "registry.terraform.io/coder/coder",
            "schema_version": 0,
            "values": {
              "email": "default@example.com",
              "full_name": "default",
              "groups": [],
              "id": "0b8cbfb8-3925-41fe-9f21-21b76d21edc7",
              "login_type": null,
              "name": "default",
              "oidc_access_token": "",
              "rbac_roles": [],
              "session_token": "",
              "ssh_private_key": "",
              "ssh_public_key": ""
            },
            "sensitive_values": {
              "groups": [],
              "rbac_roles": [],
              "ssh_private_key": true
            }
          }
        ]
      }
    }
  },
  "configuration": {
    "provider_config": {
      "coder": {
        "name": "coder",
        "full_name": "registry.terraform.io/coder/coder",
        "version_constraint": ">= 2.0.0"
      }
    },
    "root_module": {
      "resources": [
        {
          "address": "coder_agent.main",
          "mode": "managed",
          "type": "coder_agent",
          "name": "main",
          "provider_config_key": "coder",
          "expressions": {
            "arch": {
              "references": [
                "data.coder_provisioner.me.arch",
                "data.coder_provisioner.me"
              ]
            },
            "os": {
              "references": [
                "data.coder_provisioner.me.os",
                "data.coder_provisioner.me"
              ]
            }
          },
          "schema_version": 1
        },
        {
          "address": "coder_ai_task.a",
          "mode": "managed",
          "type": "coder_ai_task",
          "name": "a",
          "provider_config_key": "coder",
          "expressions": {
            "sidebar_app": [
              {
                "id": {
                  "constant_value": "5ece4674-dd35-4f16-88c8-82e40e72e2fd"
                }
              }
            ]
          },
          "schema_version": 1
        },
        {
          "address": "data.coder_provisioner.me",
          "mode": "data",
          "type": "coder_provisioner",
          "name": "me",
          "provider_config_key": "coder",
          "schema_version": 0
        },
        {
          "address": "data.coder_workspace.me",
          "mode": "data",
          "type": "coder_workspace",
          "name": "me",
          "provider_config_key": "coder",
          "schema_version": 0
        },
        {
          "address": "data.coder_workspace_owner.me",
          "mode": "data",
          "type": "coder_workspace_owner",
          "name": "me",
          "provider_config_key": "coder",
          "schema_version": 0
        }
      ]
    }
  },
  "relevant_attributes": [
    {
      "resource": "data.coder_provisioner.me",
      "attribute": [
        "os"
      ]
    },
    {
      "resource": "data.coder_provisioner.me",
      "attribute": [
        "arch"
      ]
    }
  ],
  "timestamp": "2025-06-19T14:30:00Z"
}
