{
	"format_version": "1.2",
	"terraform_version": "1.9.8",
	"planned_values": {
		"root_module": {
			"resources": [
				{
					"address": "coder_agent.main",
					"mode": "managed",
					"type": "coder_agent",
					"name": "main",
					"provider_name": "registry.terraform.io/coder/coder",
					"schema_version": 0,
					"values": {
						"arch": "amd64",
						"auth": "token",
						"connection_timeout": 120,
						"dir": null,
						"display_apps": [
							{
								"port_forwarding_helper": false,
								"ssh_helper": false,
								"vscode": false,
								"vscode_insiders": false,
								"web_terminal": false
							}
						],
						"env": null,
						"login_before_ready": true,
						"metadata": [],
						"motd_file": null,
						"order": null,
						"os": "linux",
						"shutdown_script": null,
						"shutdown_script_timeout": 300,
						"startup_script": null,
						"startup_script_behavior": null,
						"startup_script_timeout": 300,
						"troubleshooting_url": null
					},
					"sensitive_values": {
						"display_apps": [{}],
						"metadata": [],
						"token": true
					}
				},
				{
					"address": "null_resource.dev",
					"mode": "managed",
					"type": "null_resource",
					"name": "dev",
					"provider_name": "registry.terraform.io/hashicorp/null",
					"schema_version": 0,
					"values": {
						"triggers": null
					},
					"sensitive_values": {}
				}
			]
		}
	},
	"resource_changes": [
		{
			"address": "coder_agent.main",
			"mode": "managed",
			"type": "coder_agent",
			"name": "main",
			"provider_name": "registry.terraform.io/coder/coder",
			"change": {
				"actions": ["create"],
				"before": null,
				"after": {
					"arch": "amd64",
					"auth": "token",
					"connection_timeout": 120,
					"dir": null,
					"display_apps": [
						{
							"port_forwarding_helper": false,
							"ssh_helper": false,
							"vscode": false,
							"vscode_insiders": false,
							"web_terminal": false
						}
					],
					"env": null,
					"login_before_ready": true,
					"metadata": [],
					"motd_file": null,
					"order": null,
					"os": "linux",
					"shutdown_script": null,
					"shutdown_script_timeout": 300,
					"startup_script": null,
					"startup_script_behavior": null,
					"startup_script_timeout": 300,
					"troubleshooting_url": null
				},
				"after_unknown": {
					"display_apps": [{}],
					"id": true,
					"init_script": true,
					"metadata": [],
					"token": true
				},
				"before_sensitive": false,
				"after_sensitive": {
					"display_apps": [{}],
					"metadata": [],
					"token": true
				}
			}
		},
		{
			"address": "null_resource.dev",
			"mode": "managed",
			"type": "null_resource",
			"name": "dev",
			"provider_name": "registry.terraform.io/hashicorp/null",
			"change": {
				"actions": ["create"],
				"before": null,
				"after": {
					"triggers": null
				},
				"after_unknown": {
					"id": true
				},
				"before_sensitive": false,
				"after_sensitive": {}
			}
		}
	],
	"configuration": {
		"provider_config": {
			"coder": {
				"name": "coder",
				"full_name": "registry.terraform.io/coder/coder",
				"version_constraint": "0.22.0"
			},
			"null": {
				"name": "null",
				"full_name": "registry.terraform.io/hashicorp/null"
			}
		},
		"root_module": {
			"resources": [
				{
					"address": "coder_agent.main",
					"mode": "managed",
					"type": "coder_agent",
					"name": "main",
					"provider_config_key": "coder",
					"expressions": {
						"arch": {
							"constant_value": "amd64"
						},
						"display_apps": [
							{
								"port_forwarding_helper": {
									"constant_value": false
								},
								"ssh_helper": {
									"constant_value": false
								},
								"vscode": {
									"constant_value": false
								},
								"vscode_insiders": {
									"constant_value": false
								},
								"web_terminal": {
									"constant_value": false
								}
							}
						],
						"os": {
							"constant_value": "linux"
						}
					},
					"schema_version": 0
				},
				{
					"address": "null_resource.dev",
					"mode": "managed",
					"type": "null_resource",
					"name": "dev",
					"provider_config_key": "null",
					"schema_version": 0,
					"depends_on": ["coder_agent.main"]
				}
			]
		}
	},
	"timestamp": "2024-10-28T20:07:55Z",
	"applyable": true,
	"complete": true,
	"errored": false
}
