{
  "format_version": "1.1",
  "terraform_version": "1.2.7",
  "planned_values": {
    "root_module": {
      "resources": [
        {
          "address": "coder_agent.dev",
          "mode": "managed",
          "type": "coder_agent",
          "name": "dev",
          "provider_name": "registry.terraform.io/coder/coder",
          "schema_version": 0,
          "values": {
            "arch": "amd64",
            "auth": "token",
            "dir": null,
            "env": null,
            "os": "linux",
            "startup_script": null
          },
          "sensitive_values": {}
        },
        {
          "address": "coder_app.invalid_app_name",
          "mode": "managed",
          "type": "coder_app",
          "name": "invalid_app_name",
          "provider_name": "registry.terraform.io/coder/coder",
          "schema_version": 0,
          "values": {
            "command": null,
            "healthcheck": [],
            "icon": null,
            "name": null,
            "relative_path": null,
            "share": "owner",
            "subdomain": null,
            "url": null
          },
          "sensitive_values": {
            "healthcheck": []
          }
        },
        {
          "address": "null_resource.dev",
          "mode": "managed",
          "type": "null_resource",
          "name": "dev",
          "provider_name": "registry.terraform.io/hashicorp/null",
          "schema_version": 0,
          "values": {
            "triggers": null
          },
          "sensitive_values": {}
        }
      ]
    }
  },
  "resource_changes": [
    {
      "address": "coder_agent.dev",
      "mode": "managed",
      "type": "coder_agent",
      "name": "dev",
      "provider_name": "registry.terraform.io/coder/coder",
      "change": {
        "actions": [
          "create"
        ],
        "before": null,
        "after": {
          "arch": "amd64",
          "auth": "token",
          "dir": null,
          "env": null,
          "os": "linux",
          "startup_script": null
        },
        "after_unknown": {
          "id": true,
          "init_script": true,
          "token": true
        },
        "before_sensitive": false,
        "after_sensitive": {
          "token": true
        }
      }
    },
    {
      "address": "coder_app.invalid_app_name",
      "mode": "managed",
      "type": "coder_app",
      "name": "invalid_app_name",
      "provider_name": "registry.terraform.io/coder/coder",
      "change": {
        "actions": [
          "create"
        ],
        "before": null,
        "after": {
          "command": null,
          "healthcheck": [],
          "icon": null,
          "name": null,
          "relative_path": null,
          "share": "owner",
          "subdomain": null,
          "url": null
        },
        "after_unknown": {
          "agent_id": true,
          "healthcheck": [],
          "id": true
        },
        "before_sensitive": false,
        "after_sensitive": {
          "healthcheck": []
        }
      }
    },
    {
      "address": "null_resource.dev",
      "mode": "managed",
      "type": "null_resource",
      "name": "dev",
      "provider_name": "registry.terraform.io/hashicorp/null",
      "change": {
        "actions": [
          "create"
        ],
        "before": null,
        "after": {
          "triggers": null
        },
        "after_unknown": {
          "id": true
        },
        "before_sensitive": false,
        "after_sensitive": {}
      }
    }
  ],
  "configuration": {
    "provider_config": {
      "coder": {
        "name": "coder",
        "full_name": "registry.terraform.io/coder/coder",
        "version_constraint": "0.5.3"
      },
      "null": {
        "name": "null",
        "full_name": "registry.terraform.io/hashicorp/null"
      }
    },
    "root_module": {
      "resources": [
        {
          "address": "coder_agent.dev",
          "mode": "managed",
          "type": "coder_agent",
          "name": "dev",
          "provider_config_key": "coder",
          "expressions": {
            "arch": {
              "constant_value": "amd64"
            },
            "os": {
              "constant_value": "linux"
            }
          },
          "schema_version": 0
        },
        {
          "address": "coder_app.invalid_app_name",
          "mode": "managed",
          "type": "coder_app",
          "name": "invalid_app_name",
          "provider_config_key": "coder",
          "expressions": {
            "agent_id": {
              "references": [
                "coder_agent.dev.id",
                "coder_agent.dev"
              ]
            }
          },
          "schema_version": 0
        },
        {
          "address": "null_resource.dev",
          "mode": "managed",
          "type": "null_resource",
          "name": "dev",
          "provider_config_key": "null",
          "schema_version": 0,
          "depends_on": [
            "coder_agent.dev"
          ]
        }
      ]
    }
  },
  "relevant_attributes": [
    {
      "resource": "coder_agent.dev",
      "attribute": [
        "id"
      ]
    }
  ]
}
