{
  "format_version": "1.1",
  "terraform_version": "1.2.2",
  "planned_values": {
    "root_module": {
      "resources": [
        {
          "address": "coder_agent.dev",
          "mode": "managed",
          "type": "coder_agent",
          "name": "dev",
          "provider_name": "registry.terraform.io/coder/coder",
          "schema_version": 0,
          "values": {
            "arch": "amd64",
            "auth": "token",
            "dir": null,
            "env": null,
            "os": "linux",
            "startup_script": null
          },
          "sensitive_values": {}
        }
      ],
      "child_modules": [
        {
          "resources": [
            {
              "address": "module.module.null_resource.example",
              "mode": "managed",
              "type": "null_resource",
              "name": "example",
              "provider_name": "registry.terraform.io/hashicorp/null",
              "schema_version": 0,
              "values": {
                "triggers": null
              },
              "sensitive_values": {}
            }
          ],
          "address": "module.module"
        }
      ]
    }
  },
  "resource_changes": [
    {
      "address": "coder_agent.dev",
      "mode": "managed",
      "type": "coder_agent",
      "name": "dev",
      "provider_name": "registry.terraform.io/coder/coder",
      "change": {
        "actions": [
          "create"
        ],
        "before": null,
        "after": {
          "arch": "amd64",
          "auth": "token",
          "dir": null,
          "env": null,
          "os": "linux",
          "startup_script": null
        },
        "after_unknown": {
          "id": true,
          "init_script": true,
          "token": true
        },
        "before_sensitive": false,
        "after_sensitive": {}
      }
    },
    {
      "address": "module.module.null_resource.example",
      "module_address": "module.module",
      "mode": "managed",
      "type": "null_resource",
      "name": "example",
      "provider_name": "registry.terraform.io/hashicorp/null",
      "change": {
        "actions": [
          "create"
        ],
        "before": null,
        "after": {
          "triggers": null
        },
        "after_unknown": {
          "id": true
        },
        "before_sensitive": false,
        "after_sensitive": {}
      }
    }
  ],
  "configuration": {
    "provider_config": {
      "coder": {
        "name": "coder",
        "full_name": "registry.terraform.io/coder/coder",
        "version_constraint": "0.4.2"
      },
      "module.module:null": {
        "name": "null",
        "full_name": "registry.terraform.io/hashicorp/null",
        "module_address": "module.module"
      }
    },
    "root_module": {
      "resources": [
        {
          "address": "coder_agent.dev",
          "mode": "managed",
          "type": "coder_agent",
          "name": "dev",
          "provider_config_key": "coder",
          "expressions": {
            "arch": {
              "constant_value": "amd64"
            },
            "os": {
              "constant_value": "linux"
            }
          },
          "schema_version": 0
        }
      ],
      "module_calls": {
        "module": {
          "source": "./module",
          "expressions": {
            "script": {
              "references": [
                "coder_agent.dev.init_script",
                "coder_agent.dev"
              ]
            }
          },
          "module": {
            "resources": [
              {
                "address": "null_resource.example",
                "mode": "managed",
                "type": "null_resource",
                "name": "example",
                "provider_config_key": "module.module:null",
                "schema_version": 0,
                "depends_on": [
                  "var.script"
                ]
              }
            ],
            "variables": {
              "script": {}
            }
          }
        }
      }
    }
  }
}
