{
  "format_version": "1.1",
  "terraform_version": "1.3.6",
  "planned_values": {
    "root_module": {
      "resources": [
        {
          "address": "coder_agent.main",
          "mode": "managed",
          "type": "coder_agent",
          "name": "main",
          "provider_name": "registry.terraform.io/coder/coder",
          "schema_version": 0,
          "values": {
            "arch": "amd64",
            "auth": "token",
            "connection_timeout": 120,
            "dir": null,
            "env": null,
            "os": "linux",
            "startup_script": null,
            "troubleshooting_url": null
          },
          "sensitive_values": {}
        },
        {
          "address": "null_resource.a",
          "mode": "managed",
          "type": "null_resource",
          "name": "a",
          "provider_name": "registry.terraform.io/hashicorp/null",
          "schema_version": 0,
          "values": {
            "triggers": null
          },
          "sensitive_values": {}
        },
        {
          "address": "null_resource.b",
          "mode": "managed",
          "type": "null_resource",
          "name": "b",
          "provider_name": "registry.terraform.io/hashicorp/null",
          "schema_version": 0,
          "values": {
            "triggers": null
          },
          "sensitive_values": {}
        }
      ]
    }
  },
  "resource_changes": [
    {
      "address": "coder_agent.main",
      "mode": "managed",
      "type": "coder_agent",
      "name": "main",
      "provider_name": "registry.terraform.io/coder/coder",
      "change": {
        "actions": [
          "create"
        ],
        "before": null,
        "after": {
          "arch": "amd64",
          "auth": "token",
          "connection_timeout": 120,
          "dir": null,
          "env": null,
          "os": "linux",
          "startup_script": null,
          "troubleshooting_url": null
        },
        "after_unknown": {
          "id": true,
          "init_script": true,
          "token": true
        },
        "before_sensitive": false,
        "after_sensitive": {
          "token": true
        }
      }
    },
    {
      "address": "null_resource.a",
      "mode": "managed",
      "type": "null_resource",
      "name": "a",
      "provider_name": "registry.terraform.io/hashicorp/null",
      "change": {
        "actions": [
          "create"
        ],
        "before": null,
        "after": {
          "triggers": null
        },
        "after_unknown": {
          "id": true
        },
        "before_sensitive": false,
        "after_sensitive": {}
      }
    },
    {
      "address": "null_resource.b",
      "mode": "managed",
      "type": "null_resource",
      "name": "b",
      "provider_name": "registry.terraform.io/hashicorp/null",
      "change": {
        "actions": [
          "create"
        ],
        "before": null,
        "after": {
          "triggers": null
        },
        "after_unknown": {
          "id": true
        },
        "before_sensitive": false,
        "after_sensitive": {}
      }
    }
  ],
  "configuration": {
    "provider_config": {
      "coder": {
        "name": "coder",
        "full_name": "registry.terraform.io/coder/coder",
        "version_constraint": "0.6.1"
      },
      "null": {
        "name": "null",
        "full_name": "registry.terraform.io/hashicorp/null"
      }
    },
    "root_module": {
      "resources": [
        {
          "address": "coder_agent.main",
          "mode": "managed",
          "type": "coder_agent",
          "name": "main",
          "provider_config_key": "coder",
          "expressions": {
            "arch": {
              "constant_value": "amd64"
            },
            "os": {
              "constant_value": "linux"
            }
          },
          "schema_version": 0
        },
        {
          "address": "null_resource.a",
          "mode": "managed",
          "type": "null_resource",
          "name": "a",
          "provider_config_key": "null",
          "schema_version": 0,
          "depends_on": [
            "null_resource.b"
          ]
        },
        {
          "address": "null_resource.b",
          "mode": "managed",
          "type": "null_resource",
          "name": "b",
          "provider_config_key": "null",
          "schema_version": 0,
          "depends_on": [
            "coder_agent.main"
          ]
        }
      ]
    }
  }
}
