{
  "name": "devcontainer-cli",
  "version": "1.0.0",
  "lockfileVersion": 3,
  "requires": true,
  "packages": {
    "": {
      "name": "devcontainer-cli",
      "version": "1.0.0",
      "dependencies": {
        "@devcontainers/cli": "^0.80.0"
      }
    },
    "node_modules/@devcontainers/cli": {
      "version": "0.80.0",
      "resolved": "https://registry.npmjs.org/@devcontainers/cli/-/cli-0.80.0.tgz",
      "integrity": "sha512-w2EaxgjyeVGyzfA/KUEZBhyXqu/5PyWNXcnrXsZOBrt3aN2zyGiHrXoG54TF6K0b5DSCF01Rt5fnIyrCeFzFKw==",
      "bin": {
        "devcontainer": "devcontainer.js"
      },
      "engines": {
        "node": "^16.13.0 || >=18.0.0"
      }
    }
  }
}
