{
	"format_version": "1.2",
	"terraform_version": "1.11.0",
	"planned_values": {
		"root_module": {
			"resources": [
				{
					"address": "coder_agent.dev",
					"mode": "managed",
					"type": "coder_agent",
					"name": "dev",
					"provider_name": "registry.terraform.io/coder/coder",
					"schema_version": 1,
					"values": {
						"arch": "arm64",
						"auth": "token",
						"connection_timeout": 120,
						"dir": null,
						"env": null,
						"metadata": [],
						"motd_file": null,
						"order": null,
						"os": "windows",
						"resources_monitoring": [],
						"shutdown_script": null,
						"startup_script": null,
						"startup_script_behavior": "non-blocking",
						"troubleshooting_url": null
					},
					"sensitive_values": {
						"display_apps": [],
						"metadata": [],
						"resources_monitoring": [],
						"token": true
					}
				},
				{
					"address": "null_resource.dev",
					"mode": "managed",
					"type": "null_resource",
					"name": "dev",
					"provider_name": "registry.terraform.io/hashicorp/null",
					"schema_version": 0,
					"values": {
						"triggers": null
					},
					"sensitive_values": {}
				}
			]
		}
	},
	"resource_changes": [
		{
			"address": "coder_agent.dev",
			"mode": "managed",
			"type": "coder_agent",
			"name": "dev",
			"provider_name": "registry.terraform.io/coder/coder",
			"change": {
				"actions": [
					"create"
				],
				"before": null,
				"after": {
					"arch": "arm64",
					"auth": "token",
					"connection_timeout": 120,
					"dir": null,
					"env": null,
					"metadata": [],
					"motd_file": null,
					"order": null,
					"os": "windows",
					"resources_monitoring": [],
					"shutdown_script": null,
					"startup_script": null,
					"startup_script_behavior": "non-blocking",
					"troubleshooting_url": null
				},
				"after_unknown": {
					"display_apps": true,
					"id": true,
					"init_script": true,
					"metadata": [],
					"resources_monitoring": [],
					"token": true
				},
				"before_sensitive": false,
				"after_sensitive": {
					"display_apps": [],
					"metadata": [],
					"resources_monitoring": [],
					"token": true
				}
			}
		},
		{
			"address": "null_resource.dev",
			"mode": "managed",
			"type": "null_resource",
			"name": "dev",
			"provider_name": "registry.terraform.io/hashicorp/null",
			"change": {
				"actions": [
					"create"
				],
				"before": null,
				"after": {
					"triggers": null
				},
				"after_unknown": {
					"id": true
				},
				"before_sensitive": false,
				"after_sensitive": {}
			}
		}
	],
	"prior_state": {
		"format_version": "1.0",
		"terraform_version": "1.11.0",
		"values": {
			"root_module": {
				"resources": [
					{
						"address": "data.coder_parameter.example",
						"mode": "data",
						"type": "coder_parameter",
						"name": "example",
						"provider_name": "registry.terraform.io/coder/coder",
						"schema_version": 0,
						"values": {
							"default": null,
							"description": null,
							"display_name": null,
							"ephemeral": false,
							"icon": null,
							"id": "c3a48d5e-50ba-4364-b05f-e73aaac9386a",
							"mutable": false,
							"name": "Example",
							"option": null,
							"optional": false,
							"order": 55,
							"type": "string",
							"validation": [],
							"value": ""
						},
						"sensitive_values": {
							"validation": []
						}
					},
					{
						"address": "data.coder_parameter.sample",
						"mode": "data",
						"type": "coder_parameter",
						"name": "sample",
						"provider_name": "registry.terraform.io/coder/coder",
						"schema_version": 0,
						"values": {
							"default": "ok",
							"description": "blah blah",
							"display_name": null,
							"ephemeral": false,
							"icon": null,
							"id": "61707326-5652-49ac-9e8d-86ac01262de7",
							"mutable": false,
							"name": "Sample",
							"option": null,
							"optional": true,
							"order": 99,
							"type": "string",
							"validation": [],
							"value": "ok"
						},
						"sensitive_values": {
							"validation": []
						}
					}
				]
			}
		}
	},
	"configuration": {
		"provider_config": {
			"coder": {
				"name": "coder",
				"full_name": "registry.terraform.io/coder/coder",
				"version_constraint": ">= 2.0.0"
			},
			"null": {
				"name": "null",
				"full_name": "registry.terraform.io/hashicorp/null"
			}
		},
		"root_module": {
			"resources": [
				{
					"address": "coder_agent.dev",
					"mode": "managed",
					"type": "coder_agent",
					"name": "dev",
					"provider_config_key": "coder",
					"expressions": {
						"arch": {
							"constant_value": "arm64"
						},
						"os": {
							"constant_value": "windows"
						}
					},
					"schema_version": 1
				},
				{
					"address": "null_resource.dev",
					"mode": "managed",
					"type": "null_resource",
					"name": "dev",
					"provider_config_key": "null",
					"schema_version": 0,
					"depends_on": [
						"coder_agent.dev"
					]
				},
				{
					"address": "data.coder_parameter.example",
					"mode": "data",
					"type": "coder_parameter",
					"name": "example",
					"provider_config_key": "coder",
					"expressions": {
						"name": {
							"constant_value": "Example"
						},
						"order": {
							"constant_value": 55
						},
						"type": {
							"constant_value": "string"
						}
					},
					"schema_version": 0
				},
				{
					"address": "data.coder_parameter.sample",
					"mode": "data",
					"type": "coder_parameter",
					"name": "sample",
					"provider_config_key": "coder",
					"expressions": {
						"default": {
							"constant_value": "ok"
						},
						"description": {
							"constant_value": "blah blah"
						},
						"name": {
							"constant_value": "Sample"
						},
						"order": {
							"constant_value": 99
						},
						"type": {
							"constant_value": "string"
						}
					},
					"schema_version": 0
				}
			]
		}
	},
	"timestamp": "2025-03-03T20:39:59Z",
	"applyable": true,
	"complete": true,
	"errored": false
}
