{
  "format_version": "1.2",
  "terraform_version": "1.12.2",
  "planned_values": {
    "root_module": {
      "resources": [
        {
          "address": "coder_agent.dev",
          "mode": "managed",
          "type": "coder_agent",
          "name": "dev",
          "provider_name": "registry.terraform.io/coder/coder",
          "schema_version": 1,
          "values": {
            "api_key_scope": "all",
            "arch": "amd64",
            "auth": "token",
            "connection_timeout": 120,
            "dir": null,
            "env": null,
            "metadata": [],
            "motd_file": null,
            "order": null,
            "os": "linux",
            "resources_monitoring": [],
            "shutdown_script": null,
            "startup_script": null,
            "startup_script_behavior": "non-blocking",
            "troubleshooting_url": null
          },
          "sensitive_values": {
            "display_apps": [],
            "metadata": [],
            "resources_monitoring": [],
            "token": true
          }
        },
        {
          "address": "null_resource.dev",
          "mode": "managed",
          "type": "null_resource",
          "name": "dev",
          "provider_name": "registry.terraform.io/hashicorp/null",
          "schema_version": 0,
          "values": {
            "triggers": null
          },
          "sensitive_values": {}
        }
      ]
    }
  },
  "resource_changes": [
    {
      "address": "coder_agent.dev",
      "mode": "managed",
      "type": "coder_agent",
      "name": "dev",
      "provider_name": "registry.terraform.io/coder/coder",
      "change": {
        "actions": [
          "create"
        ],
        "before": null,
        "after": {
          "api_key_scope": "all",
          "arch": "amd64",
          "auth": "token",
          "connection_timeout": 120,
          "dir": null,
          "env": null,
          "metadata": [],
          "motd_file": null,
          "order": null,
          "os": "linux",
          "resources_monitoring": [],
          "shutdown_script": null,
          "startup_script": null,
          "startup_script_behavior": "non-blocking",
          "troubleshooting_url": null
        },
        "after_unknown": {
          "display_apps": true,
          "id": true,
          "init_script": true,
          "metadata": [],
          "resources_monitoring": [],
          "token": true
        },
        "before_sensitive": false,
        "after_sensitive": {
          "display_apps": [],
          "metadata": [],
          "resources_monitoring": [],
          "token": true
        }
      }
    },
    {
      "address": "null_resource.dev",
      "mode": "managed",
      "type": "null_resource",
      "name": "dev",
      "provider_name": "registry.terraform.io/hashicorp/null",
      "change": {
        "actions": [
          "create"
        ],
        "before": null,
        "after": {
          "triggers": null
        },
        "after_unknown": {
          "id": true
        },
        "before_sensitive": false,
        "after_sensitive": {}
      }
    }
  ],
  "prior_state": {
    "format_version": "1.0",
    "terraform_version": "1.12.2",
    "values": {
      "root_module": {
        "resources": [
          {
            "address": "data.coder_parameter.instance_type",
            "mode": "data",
            "type": "coder_parameter",
            "name": "instance_type",
            "provider_name": "registry.terraform.io/coder/coder",
            "schema_version": 1,
            "values": {
              "default": "t3.micro",
              "description": "Instance type",
              "display_name": null,
              "ephemeral": false,
              "form_type": "input",
              "icon": null,
              "id": "9d27c698-0262-4681-9f34-3a43ecf50111",
              "mutable": false,
              "name": "instance_type",
              "option": null,
              "optional": true,
              "order": null,
              "styling": "{}",
              "type": "string",
              "validation": [],
              "value": "t3.micro"
            },
            "sensitive_values": {
              "validation": []
            }
          },
          {
            "address": "data.coder_workspace_preset.development",
            "mode": "data",
            "type": "coder_workspace_preset",
            "name": "development",
            "provider_name": "registry.terraform.io/coder/coder",
            "schema_version": 1,
            "values": {
              "default": true,
              "description": null,
              "icon": null,
              "id": "development",
              "name": "development",
              "parameters": {
                "instance_type": "t3.micro"
              },
              "prebuilds": [
                {
                  "expiration_policy": [],
                  "instances": 1,
                  "scheduling": []
                }
              ]
            },
            "sensitive_values": {
              "parameters": {},
              "prebuilds": [
                {
                  "expiration_policy": [],
                  "scheduling": []
                }
              ]
            }
          },
          {
            "address": "data.coder_workspace_preset.production",
            "mode": "data",
            "type": "coder_workspace_preset",
            "name": "production",
            "provider_name": "registry.terraform.io/coder/coder",
            "schema_version": 1,
            "values": {
              "default": false,
              "description": null,
              "icon": null,
              "id": "production",
              "name": "production",
              "parameters": {
                "instance_type": "t3.large"
              },
              "prebuilds": [
                {
                  "expiration_policy": [],
                  "instances": 2,
                  "scheduling": []
                }
              ]
            },
            "sensitive_values": {
              "parameters": {},
              "prebuilds": [
                {
                  "expiration_policy": [],
                  "scheduling": []
                }
              ]
            }
          }
        ]
      }
    }
  },
  "configuration": {
    "provider_config": {
      "coder": {
        "name": "coder",
        "full_name": "registry.terraform.io/coder/coder",
        "version_constraint": ">= 2.3.0"
      },
      "null": {
        "name": "null",
        "full_name": "registry.terraform.io/hashicorp/null"
      }
    },
    "root_module": {
      "resources": [
        {
          "address": "coder_agent.dev",
          "mode": "managed",
          "type": "coder_agent",
          "name": "dev",
          "provider_config_key": "coder",
          "expressions": {
            "arch": {
              "constant_value": "amd64"
            },
            "os": {
              "constant_value": "linux"
            }
          },
          "schema_version": 1
        },
        {
          "address": "null_resource.dev",
          "mode": "managed",
          "type": "null_resource",
          "name": "dev",
          "provider_config_key": "null",
          "schema_version": 0,
          "depends_on": [
            "coder_agent.dev"
          ]
        },
        {
          "address": "data.coder_parameter.instance_type",
          "mode": "data",
          "type": "coder_parameter",
          "name": "instance_type",
          "provider_config_key": "coder",
          "expressions": {
            "default": {
              "constant_value": "t3.micro"
            },
            "description": {
              "constant_value": "Instance type"
            },
            "name": {
              "constant_value": "instance_type"
            },
            "type": {
              "constant_value": "string"
            }
          },
          "schema_version": 1
        },
        {
          "address": "data.coder_workspace_preset.development",
          "mode": "data",
          "type": "coder_workspace_preset",
          "name": "development",
          "provider_config_key": "coder",
          "expressions": {
            "default": {
              "constant_value": true
            },
            "name": {
              "constant_value": "development"
            },
            "parameters": {
              "references": [
                "data.coder_parameter.instance_type.name",
                "data.coder_parameter.instance_type"
              ]
            },
            "prebuilds": [
              {
                "instances": {
                  "constant_value": 1
                }
              }
            ]
          },
          "schema_version": 1
        },
        {
          "address": "data.coder_workspace_preset.production",
          "mode": "data",
          "type": "coder_workspace_preset",
          "name": "production",
          "provider_config_key": "coder",
          "expressions": {
            "default": {
              "constant_value": false
            },
            "name": {
              "constant_value": "production"
            },
            "parameters": {
              "references": [
                "data.coder_parameter.instance_type.name",
                "data.coder_parameter.instance_type"
              ]
            },
            "prebuilds": [
              {
                "instances": {
                  "constant_value": 2
                }
              }
            ]
          },
          "schema_version": 1
        }
      ]
    }
  },
  "timestamp": "2025-06-19T12:43:58Z",
  "applyable": true,
  "complete": true,
  "errored": false
}
