{
  "format_version": "1.2",
  "terraform_version": "1.12.2",
  "planned_values": {
    "root_module": {
      "resources": [
        {
          "address": "coder_agent.dev",
          "mode": "managed",
          "type": "coder_agent",
          "name": "dev",
          "provider_name": "registry.terraform.io/coder/coder",
          "schema_version": 1,
          "values": {
            "api_key_scope": "all",
            "arch": "arm64",
            "auth": "token",
            "connection_timeout": 120,
            "dir": null,
            "env": null,
            "metadata": [],
            "motd_file": null,
            "order": null,
            "os": "windows",
            "resources_monitoring": [],
            "shutdown_script": null,
            "startup_script": null,
            "startup_script_behavior": "non-blocking",
            "troubleshooting_url": null
          },
          "sensitive_values": {
            "display_apps": [],
            "metadata": [],
            "resources_monitoring": [],
            "token": true
          }
        },
        {
          "address": "null_resource.dev",
          "mode": "managed",
          "type": "null_resource",
          "name": "dev",
          "provider_name": "registry.terraform.io/hashicorp/null",
          "schema_version": 0,
          "values": {
            "triggers": null
          },
          "sensitive_values": {}
        }
      ]
    }
  },
  "resource_changes": [
    {
      "address": "coder_agent.dev",
      "mode": "managed",
      "type": "coder_agent",
      "name": "dev",
      "provider_name": "registry.terraform.io/coder/coder",
      "change": {
        "actions": [
          "create"
        ],
        "before": null,
        "after": {
          "api_key_scope": "all",
          "arch": "arm64",
          "auth": "token",
          "connection_timeout": 120,
          "dir": null,
          "env": null,
          "metadata": [],
          "motd_file": null,
          "order": null,
          "os": "windows",
          "resources_monitoring": [],
          "shutdown_script": null,
          "startup_script": null,
          "startup_script_behavior": "non-blocking",
          "troubleshooting_url": null
        },
        "after_unknown": {
          "display_apps": true,
          "id": true,
          "init_script": true,
          "metadata": [],
          "resources_monitoring": [],
          "token": true
        },
        "before_sensitive": false,
        "after_sensitive": {
          "display_apps": [],
          "metadata": [],
          "resources_monitoring": [],
          "token": true
        }
      }
    },
    {
      "address": "null_resource.dev",
      "mode": "managed",
      "type": "null_resource",
      "name": "dev",
      "provider_name": "registry.terraform.io/hashicorp/null",
      "change": {
        "actions": [
          "create"
        ],
        "before": null,
        "after": {
          "triggers": null
        },
        "after_unknown": {
          "id": true
        },
        "before_sensitive": false,
        "after_sensitive": {}
      }
    }
  ],
  "prior_state": {
    "format_version": "1.0",
    "terraform_version": "1.12.2",
    "values": {
      "root_module": {
        "resources": [
          {
            "address": "data.coder_parameter.sample",
            "mode": "data",
            "type": "coder_parameter",
            "name": "sample",
            "provider_name": "registry.terraform.io/coder/coder",
            "schema_version": 1,
            "values": {
              "default": "ok",
              "description": "blah blah",
              "display_name": null,
              "ephemeral": false,
              "form_type": "input",
              "icon": null,
              "id": "57ccea62-8edf-41d1-a2c1-33f365e27567",
              "mutable": false,
              "name": "Sample",
              "option": null,
              "optional": true,
              "order": null,
              "styling": "{}",
              "type": "string",
              "validation": [],
              "value": "ok"
            },
            "sensitive_values": {
              "validation": []
            }
          },
          {
            "address": "data.coder_workspace_preset.MyFirstProject",
            "mode": "data",
            "type": "coder_workspace_preset",
            "name": "MyFirstProject",
            "provider_name": "registry.terraform.io/coder/coder",
            "schema_version": 1,
            "values": {
              "id": "My First Project",
              "name": "My First Project",
              "parameters": {
                "Sample": "A1B2C3"
              },
              "prebuilds": [
                {
                  "expiration_policy": [
                    {
                      "ttl": 86400
                    }
                  ],
                  "instances": 4,
                  "scheduling": []
                }
              ]
            },
            "sensitive_values": {
              "parameters": {},
              "prebuilds": [
                {
                  "expiration_policy": [
                    {}
                  ],
                  "scheduling": []
                }
              ]
            }
          }
        ],
        "child_modules": [
          {
            "resources": [
              {
                "address": "module.this_is_external_module.data.coder_parameter.first_parameter_from_module",
                "mode": "data",
                "type": "coder_parameter",
                "name": "first_parameter_from_module",
                "provider_name": "registry.terraform.io/coder/coder",
                "schema_version": 1,
                "values": {
                  "default": "abcdef",
                  "description": "First parameter from module",
                  "display_name": null,
                  "ephemeral": false,
                  "form_type": "input",
                  "icon": null,
                  "id": "1774175f-0efd-4a79-8d40-dbbc559bf7c1",
                  "mutable": true,
                  "name": "First parameter from module",
                  "option": null,
                  "optional": true,
                  "order": null,
                  "styling": "{}",
                  "type": "string",
                  "validation": [],
                  "value": "abcdef"
                },
                "sensitive_values": {
                  "validation": []
                }
              },
              {
                "address": "module.this_is_external_module.data.coder_parameter.second_parameter_from_module",
                "mode": "data",
                "type": "coder_parameter",
                "name": "second_parameter_from_module",
                "provider_name": "registry.terraform.io/coder/coder",
                "schema_version": 1,
                "values": {
                  "default": "ghijkl",
                  "description": "Second parameter from module",
                  "display_name": null,
                  "ephemeral": false,
                  "form_type": "input",
                  "icon": null,
                  "id": "23d6841f-bb95-42bb-b7ea-5b254ce6c37d",
                  "mutable": true,
                  "name": "Second parameter from module",
                  "option": null,
                  "optional": true,
                  "order": null,
                  "styling": "{}",
                  "type": "string",
                  "validation": [],
                  "value": "ghijkl"
                },
                "sensitive_values": {
                  "validation": []
                }
              }
            ],
            "address": "module.this_is_external_module",
            "child_modules": [
              {
                "resources": [
                  {
                    "address": "module.this_is_external_module.module.this_is_external_child_module.data.coder_parameter.child_first_parameter_from_module",
                    "mode": "data",
                    "type": "coder_parameter",
                    "name": "child_first_parameter_from_module",
                    "provider_name": "registry.terraform.io/coder/coder",
                    "schema_version": 1,
                    "values": {
                      "default": "abcdef",
                      "description": "First parameter from child module",
                      "display_name": null,
                      "ephemeral": false,
                      "form_type": "input",
                      "icon": null,
                      "id": "9d629df2-9846-47b2-ab1f-e7c882f35117",
                      "mutable": true,
                      "name": "First parameter from child module",
                      "option": null,
                      "optional": true,
                      "order": null,
                      "styling": "{}",
                      "type": "string",
                      "validation": [],
                      "value": "abcdef"
                    },
                    "sensitive_values": {
                      "validation": []
                    }
                  },
                  {
                    "address": "module.this_is_external_module.module.this_is_external_child_module.data.coder_parameter.child_second_parameter_from_module",
                    "mode": "data",
                    "type": "coder_parameter",
                    "name": "child_second_parameter_from_module",
                    "provider_name": "registry.terraform.io/coder/coder",
                    "schema_version": 1,
                    "values": {
                      "default": "ghijkl",
                      "description": "Second parameter from child module",
                      "display_name": null,
                      "ephemeral": false,
                      "form_type": "input",
                      "icon": null,
                      "id": "52ca7b77-42a1-4887-a2f5-7a728feebdd5",
                      "mutable": true,
                      "name": "Second parameter from child module",
                      "option": null,
                      "optional": true,
                      "order": null,
                      "styling": "{}",
                      "type": "string",
                      "validation": [],
                      "value": "ghijkl"
                    },
                    "sensitive_values": {
                      "validation": []
                    }
                  }
                ],
                "address": "module.this_is_external_module.module.this_is_external_child_module"
              }
            ]
          }
        ]
      }
    }
  },
  "configuration": {
    "provider_config": {
      "coder": {
        "name": "coder",
        "full_name": "registry.terraform.io/coder/coder",
        "version_constraint": "2.3.0-pre2"
      },
      "module.this_is_external_module:docker": {
        "name": "docker",
        "full_name": "registry.terraform.io/kreuzwerker/docker",
        "version_constraint": "~> 2.22",
        "module_address": "module.this_is_external_module"
      },
      "null": {
        "name": "null",
        "full_name": "registry.terraform.io/hashicorp/null"
      }
    },
    "root_module": {
      "resources": [
        {
          "address": "coder_agent.dev",
          "mode": "managed",
          "type": "coder_agent",
          "name": "dev",
          "provider_config_key": "coder",
          "expressions": {
            "arch": {
              "constant_value": "arm64"
            },
            "os": {
              "constant_value": "windows"
            }
          },
          "schema_version": 1
        },
        {
          "address": "null_resource.dev",
          "mode": "managed",
          "type": "null_resource",
          "name": "dev",
          "provider_config_key": "null",
          "schema_version": 0,
          "depends_on": [
            "coder_agent.dev"
          ]
        },
        {
          "address": "data.coder_parameter.sample",
          "mode": "data",
          "type": "coder_parameter",
          "name": "sample",
          "provider_config_key": "coder",
          "expressions": {
            "default": {
              "constant_value": "ok"
            },
            "description": {
              "constant_value": "blah blah"
            },
            "name": {
              "constant_value": "Sample"
            },
            "type": {
              "constant_value": "string"
            }
          },
          "schema_version": 1
        },
        {
          "address": "data.coder_workspace_preset.MyFirstProject",
          "mode": "data",
          "type": "coder_workspace_preset",
          "name": "MyFirstProject",
          "provider_config_key": "coder",
          "expressions": {
            "name": {
              "constant_value": "My First Project"
            },
            "parameters": {
              "references": [
                "data.coder_parameter.sample.name",
                "data.coder_parameter.sample"
              ]
            },
            "prebuilds": [
              {
                "expiration_policy": [
                  {
                    "ttl": {
                      "constant_value": 86400
                    }
                  }
                ],
                "instances": {
                  "constant_value": 4
                }
              }
            ]
          },
          "schema_version": 1
        }
      ],
      "module_calls": {
        "this_is_external_module": {
          "source": "./external-module",
          "module": {
            "resources": [
              {
                "address": "data.coder_parameter.first_parameter_from_module",
                "mode": "data",
                "type": "coder_parameter",
                "name": "first_parameter_from_module",
                "provider_config_key": "coder",
                "expressions": {
                  "default": {
                    "constant_value": "abcdef"
                  },
                  "description": {
                    "constant_value": "First parameter from module"
                  },
                  "mutable": {
                    "constant_value": true
                  },
                  "name": {
                    "constant_value": "First parameter from module"
                  },
                  "type": {
                    "constant_value": "string"
                  }
                },
                "schema_version": 1
              },
              {
                "address": "data.coder_parameter.second_parameter_from_module",
                "mode": "data",
                "type": "coder_parameter",
                "name": "second_parameter_from_module",
                "provider_config_key": "coder",
                "expressions": {
                  "default": {
                    "constant_value": "ghijkl"
                  },
                  "description": {
                    "constant_value": "Second parameter from module"
                  },
                  "mutable": {
                    "constant_value": true
                  },
                  "name": {
                    "constant_value": "Second parameter from module"
                  },
                  "type": {
                    "constant_value": "string"
                  }
                },
                "schema_version": 1
              }
            ],
            "module_calls": {
              "this_is_external_child_module": {
                "source": "./child-external-module",
                "module": {
                  "resources": [
                    {
                      "address": "data.coder_parameter.child_first_parameter_from_module",
                      "mode": "data",
                      "type": "coder_parameter",
                      "name": "child_first_parameter_from_module",
                      "provider_config_key": "coder",
                      "expressions": {
                        "default": {
                          "constant_value": "abcdef"
                        },
                        "description": {
                          "constant_value": "First parameter from child module"
                        },
                        "mutable": {
                          "constant_value": true
                        },
                        "name": {
                          "constant_value": "First parameter from child module"
                        },
                        "type": {
                          "constant_value": "string"
                        }
                      },
                      "schema_version": 1
                    },
                    {
                      "address": "data.coder_parameter.child_second_parameter_from_module",
                      "mode": "data",
                      "type": "coder_parameter",
                      "name": "child_second_parameter_from_module",
                      "provider_config_key": "coder",
                      "expressions": {
                        "default": {
                          "constant_value": "ghijkl"
                        },
                        "description": {
                          "constant_value": "Second parameter from child module"
                        },
                        "mutable": {
                          "constant_value": true
                        },
                        "name": {
                          "constant_value": "Second parameter from child module"
                        },
                        "type": {
                          "constant_value": "string"
                        }
                      },
                      "schema_version": 1
                    }
                  ]
                }
              }
            }
          }
        }
      }
    }
  },
  "timestamp": "2025-03-03T20:39:59Z",
  "applyable": true,
  "complete": true,
  "errored": false
}
