{
  "format_version": "1.1",
  "terraform_version": "1.4.0",
  "planned_values": {
    "root_module": {
      "resources": [
        {
          "address": "coder_agent.dev",
          "mode": "managed",
          "type": "coder_agent",
          "name": "dev",
          "provider_name": "registry.terraform.io/coder/coder",
          "schema_version": 0,
          "values": {
            "arch": "arm64",
            "auth": "token",
            "connection_timeout": 120,
            "dir": null,
            "env": null,
            "login_before_ready": true,
            "metadata": [],
            "motd_file": null,
            "os": "windows",
            "shutdown_script": null,
            "shutdown_script_timeout": 300,
            "startup_script": null,
            "startup_script_timeout": 300,
            "troubleshooting_url": null
          },
          "sensitive_values": {
            "metadata": []
          }
        },
        {
          "address": "null_resource.dev",
          "mode": "managed",
          "type": "null_resource",
          "name": "dev",
          "provider_name": "registry.terraform.io/hashicorp/null",
          "schema_version": 0,
          "values": {
            "triggers": null
          },
          "sensitive_values": {}
        }
      ]
    }
  },
  "resource_changes": [
    {
      "address": "coder_agent.dev",
      "mode": "managed",
      "type": "coder_agent",
      "name": "dev",
      "provider_name": "registry.terraform.io/coder/coder",
      "change": {
        "actions": [
          "create"
        ],
        "before": null,
        "after": {
          "arch": "arm64",
          "auth": "token",
          "connection_timeout": 120,
          "dir": null,
          "env": null,
          "login_before_ready": true,
          "metadata": [],
          "motd_file": null,
          "os": "windows",
          "shutdown_script": null,
          "shutdown_script_timeout": 300,
          "startup_script": null,
          "startup_script_timeout": 300,
          "troubleshooting_url": null
        },
        "after_unknown": {
          "id": true,
          "init_script": true,
          "metadata": [],
          "token": true
        },
        "before_sensitive": false,
        "after_sensitive": {
          "metadata": [],
          "token": true
        }
      }
    },
    {
      "address": "null_resource.dev",
      "mode": "managed",
      "type": "null_resource",
      "name": "dev",
      "provider_name": "registry.terraform.io/hashicorp/null",
      "change": {
        "actions": [
          "create"
        ],
        "before": null,
        "after": {
          "triggers": null
        },
        "after_unknown": {
          "id": true
        },
        "before_sensitive": false,
        "after_sensitive": {}
      }
    }
  ],
  "prior_state": {
    "format_version": "1.0",
    "terraform_version": "1.4.0",
    "values": {
      "root_module": {
        "resources": [
          {
            "address": "data.coder_parameter.number_example",
            "mode": "data",
            "type": "coder_parameter",
            "name": "number_example",
            "provider_name": "registry.terraform.io/coder/coder",
            "schema_version": 0,
            "values": {
              "default": "4",
              "description": null,
              "display_name": null,
              "icon": null,
              "id": "95e583db-a9f3-4feb-82aa-15bbc856fb08",
              "legacy_variable": null,
              "legacy_variable_name": null,
              "mutable": false,
              "name": "number_example",
              "option": null,
              "optional": true,
              "type": "number",
              "validation": [],
              "value": "4"
            },
            "sensitive_values": {
              "validation": []
            }
          },
          {
            "address": "data.coder_parameter.number_example_max",
            "mode": "data",
            "type": "coder_parameter",
            "name": "number_example_max",
            "provider_name": "registry.terraform.io/coder/coder",
            "schema_version": 0,
            "values": {
              "default": "4",
              "description": null,
              "display_name": null,
              "icon": null,
              "id": "6947b4e9-95b6-452f-bbe6-cc3bdb050963",
              "legacy_variable": null,
              "legacy_variable_name": null,
              "mutable": false,
              "name": "number_example_max",
              "option": null,
              "optional": true,
              "type": "number",
              "validation": [
                {
                  "error": "",
                  "max": 6,
                  "max_disabled": false,
                  "min": 0,
                  "min_disabled": true,
                  "monotonic": "",
                  "regex": ""
                }
              ],
              "value": "4"
            },
            "sensitive_values": {
              "validation": [
                {}
              ]
            }
          },
          {
            "address": "data.coder_parameter.number_example_min",
            "mode": "data",
            "type": "coder_parameter",
            "name": "number_example_min",
            "provider_name": "registry.terraform.io/coder/coder",
            "schema_version": 0,
            "values": {
              "default": "4",
              "description": null,
              "display_name": null,
              "icon": null,
              "id": "ab5b1436-78f0-499d-bf80-5c8aa74c4db7",
              "legacy_variable": null,
              "legacy_variable_name": null,
              "mutable": false,
              "name": "number_example_min",
              "option": null,
              "optional": true,
              "type": "number",
              "validation": [
                {
                  "error": "",
                  "max": 0,
                  "max_disabled": true,
                  "min": 3,
                  "min_disabled": false,
                  "monotonic": "",
                  "regex": ""
                }
              ],
              "value": "4"
            },
            "sensitive_values": {
              "validation": [
                {}
              ]
            }
          },
          {
            "address": "data.coder_parameter.number_example_min_max",
            "mode": "data",
            "type": "coder_parameter",
            "name": "number_example_min_max",
            "provider_name": "registry.terraform.io/coder/coder",
            "schema_version": 0,
            "values": {
              "default": "4",
              "description": null,
              "display_name": null,
              "icon": null,
              "id": "8ba167c9-f9a1-438a-91a7-80adda487750",
              "legacy_variable": null,
              "legacy_variable_name": null,
              "mutable": false,
              "name": "number_example_min_max",
              "option": null,
              "optional": true,
              "type": "number",
              "validation": [
                {
                  "error": "",
                  "max": 6,
                  "max_disabled": false,
                  "min": 3,
                  "min_disabled": false,
                  "monotonic": "",
                  "regex": ""
                }
              ],
              "value": "4"
            },
            "sensitive_values": {
              "validation": [
                {}
              ]
            }
          }
        ]
      }
    }
  },
  "configuration": {
    "provider_config": {
      "coder": {
        "name": "coder",
        "full_name": "registry.terraform.io/coder/coder",
        "version_constraint": "0.8.2"
      },
      "null": {
        "name": "null",
        "full_name": "registry.terraform.io/hashicorp/null"
      }
    },
    "root_module": {
      "resources": [
        {
          "address": "coder_agent.dev",
          "mode": "managed",
          "type": "coder_agent",
          "name": "dev",
          "provider_config_key": "coder",
          "expressions": {
            "arch": {
              "constant_value": "arm64"
            },
            "os": {
              "constant_value": "windows"
            }
          },
          "schema_version": 0
        },
        {
          "address": "null_resource.dev",
          "mode": "managed",
          "type": "null_resource",
          "name": "dev",
          "provider_config_key": "null",
          "schema_version": 0,
          "depends_on": [
            "coder_agent.dev"
          ]
        },
        {
          "address": "data.coder_parameter.number_example",
          "mode": "data",
          "type": "coder_parameter",
          "name": "number_example",
          "provider_config_key": "coder",
          "expressions": {
            "default": {
              "constant_value": 4
            },
            "name": {
              "constant_value": "number_example"
            },
            "type": {
              "constant_value": "number"
            }
          },
          "schema_version": 0
        },
        {
          "address": "data.coder_parameter.number_example_max",
          "mode": "data",
          "type": "coder_parameter",
          "name": "number_example_max",
          "provider_config_key": "coder",
          "expressions": {
            "default": {
              "constant_value": 4
            },
            "name": {
              "constant_value": "number_example_max"
            },
            "type": {
              "constant_value": "number"
            },
            "validation": [
              {
                "max": {
                  "constant_value": 6
                }
              }
            ]
          },
          "schema_version": 0
        },
        {
          "address": "data.coder_parameter.number_example_min",
          "mode": "data",
          "type": "coder_parameter",
          "name": "number_example_min",
          "provider_config_key": "coder",
          "expressions": {
            "default": {
              "constant_value": 4
            },
            "name": {
              "constant_value": "number_example_min"
            },
            "type": {
              "constant_value": "number"
            },
            "validation": [
              {
                "min": {
                  "constant_value": 3
                }
              }
            ]
          },
          "schema_version": 0
        },
        {
          "address": "data.coder_parameter.number_example_min_max",
          "mode": "data",
          "type": "coder_parameter",
          "name": "number_example_min_max",
          "provider_config_key": "coder",
          "expressions": {
            "default": {
              "constant_value": 4
            },
            "name": {
              "constant_value": "number_example_min_max"
            },
            "type": {
              "constant_value": "number"
            },
            "validation": [
              {
                "max": {
                  "constant_value": 6
                },
                "min": {
                  "constant_value": 3
                }
              }
            ]
          },
          "schema_version": 0
        }
      ]
    }
  }
}
