{
  "format_version": "1.2",
  "terraform_version": "1.9.8",
  "planned_values": {
    "root_module": {
      "resources": [
        {
          "address": "coder_agent.dev",
          "mode": "managed",
          "type": "coder_agent",
          "name": "dev",
          "provider_name": "registry.terraform.io/coder/coder",
          "schema_version": 1,
          "values": {
            "arch": "arm64",
            "auth": "token",
            "connection_timeout": 120,
            "dir": null,
            "env": null,
            "metadata": [],
            "motd_file": null,
            "order": null,
            "os": "windows",
            "resources_monitoring": [],
            "shutdown_script": null,
            "startup_script": null,
            "startup_script_behavior": "non-blocking",
            "troubleshooting_url": null
          },
          "sensitive_values": {
            "display_apps": [],
            "metadata": [],
            "resources_monitoring": [],
            "token": true
          }
        },
        {
          "address": "null_resource.dev",
          "mode": "managed",
          "type": "null_resource",
          "name": "dev",
          "provider_name": "registry.terraform.io/hashicorp/null",
          "schema_version": 0,
          "values": {
            "triggers": null
          },
          "sensitive_values": {}
        }
      ]
    }
  },
  "resource_changes": [
    {
      "address": "coder_agent.dev",
      "mode": "managed",
      "type": "coder_agent",
      "name": "dev",
      "provider_name": "registry.terraform.io/coder/coder",
      "change": {
        "actions": [
          "create"
        ],
        "before": null,
        "after": {
          "arch": "arm64",
          "auth": "token",
          "connection_timeout": 120,
          "dir": null,
          "env": null,
          "metadata": [],
          "motd_file": null,
          "order": null,
          "os": "windows",
          "resources_monitoring": [],
          "shutdown_script": null,
          "startup_script": null,
          "startup_script_behavior": "non-blocking",
          "troubleshooting_url": null
        },
        "after_unknown": {
          "display_apps": true,
          "id": true,
          "init_script": true,
          "metadata": [],
          "resources_monitoring": [],
          "token": true
        },
        "before_sensitive": false,
        "after_sensitive": {
          "display_apps": [],
          "metadata": [],
          "resources_monitoring": [],
          "token": true
        }
      }
    },
    {
      "address": "null_resource.dev",
      "mode": "managed",
      "type": "null_resource",
      "name": "dev",
      "provider_name": "registry.terraform.io/hashicorp/null",
      "change": {
        "actions": [
          "create"
        ],
        "before": null,
        "after": {
          "triggers": null
        },
        "after_unknown": {
          "id": true
        },
        "before_sensitive": false,
        "after_sensitive": {}
      }
    }
  ],
  "prior_state": {
    "format_version": "1.0",
    "terraform_version": "1.9.8",
    "values": {
      "root_module": {
        "resources": [
          {
            "address": "data.coder_parameter.number_example",
            "mode": "data",
            "type": "coder_parameter",
            "name": "number_example",
            "provider_name": "registry.terraform.io/coder/coder",
            "schema_version": 0,
            "values": {
              "default": "4",
              "description": null,
              "display_name": null,
              "ephemeral": true,
              "icon": null,
              "id": "30116bcb-f109-4807-be06-666a60b6cbb2",
              "mutable": true,
              "name": "number_example",
              "option": null,
              "optional": true,
              "order": null,
              "type": "number",
              "validation": [],
              "value": "4"
            },
            "sensitive_values": {
              "validation": []
            }
          },
          {
            "address": "data.coder_parameter.number_example_max",
            "mode": "data",
            "type": "coder_parameter",
            "name": "number_example_max",
            "provider_name": "registry.terraform.io/coder/coder",
            "schema_version": 0,
            "values": {
              "default": "4",
              "description": null,
              "display_name": null,
              "ephemeral": false,
              "icon": null,
              "id": "755395f4-d163-4b90-a8f4-e7ae24e17dd0",
              "mutable": false,
              "name": "number_example_max",
              "option": null,
              "optional": true,
              "order": null,
              "type": "number",
              "validation": [
                {
                  "error": "",
                  "max": 6,
                  "max_disabled": false,
                  "min": 0,
                  "min_disabled": true,
                  "monotonic": "",
                  "regex": ""
                }
              ],
              "value": "4"
            },
            "sensitive_values": {
              "validation": [
                {}
              ]
            }
          },
          {
            "address": "data.coder_parameter.number_example_max_zero",
            "mode": "data",
            "type": "coder_parameter",
            "name": "number_example_max_zero",
            "provider_name": "registry.terraform.io/coder/coder",
            "schema_version": 0,
            "values": {
              "default": "-3",
              "description": null,
              "display_name": null,
              "ephemeral": false,
              "icon": null,
              "id": "dec9fa47-a252-4eb7-868b-10d0fe7bad57",
              "mutable": false,
              "name": "number_example_max_zero",
              "option": null,
              "optional": true,
              "order": null,
              "type": "number",
              "validation": [
                {
                  "error": "",
                  "max": 0,
                  "max_disabled": false,
                  "min": 0,
                  "min_disabled": true,
                  "monotonic": "",
                  "regex": ""
                }
              ],
              "value": "-3"
            },
            "sensitive_values": {
              "validation": [
                {}
              ]
            }
          },
          {
            "address": "data.coder_parameter.number_example_min",
            "mode": "data",
            "type": "coder_parameter",
            "name": "number_example_min",
            "provider_name": "registry.terraform.io/coder/coder",
            "schema_version": 0,
            "values": {
              "default": "4",
              "description": null,
              "display_name": null,
              "ephemeral": false,
              "icon": null,
              "id": "57107f82-107b-484d-8491-0787f051dca7",
              "mutable": false,
              "name": "number_example_min",
              "option": null,
              "optional": true,
              "order": null,
              "type": "number",
              "validation": [
                {
                  "error": "",
                  "max": 0,
                  "max_disabled": true,
                  "min": 3,
                  "min_disabled": false,
                  "monotonic": "",
                  "regex": ""
                }
              ],
              "value": "4"
            },
            "sensitive_values": {
              "validation": [
                {}
              ]
            }
          },
          {
            "address": "data.coder_parameter.number_example_min_max",
            "mode": "data",
            "type": "coder_parameter",
            "name": "number_example_min_max",
            "provider_name": "registry.terraform.io/coder/coder",
            "schema_version": 0,
            "values": {
              "default": "4",
              "description": null,
              "display_name": null,
              "ephemeral": false,
              "icon": null,
              "id": "c21a61f4-26e0-49bb-99c8-56240433c21b",
              "mutable": false,
              "name": "number_example_min_max",
              "option": null,
              "optional": true,
              "order": null,
              "type": "number",
              "validation": [
                {
                  "error": "",
                  "max": 6,
                  "max_disabled": false,
                  "min": 3,
                  "min_disabled": false,
                  "monotonic": "",
                  "regex": ""
                }
              ],
              "value": "4"
            },
            "sensitive_values": {
              "validation": [
                {}
              ]
            }
          },
          {
            "address": "data.coder_parameter.number_example_min_zero",
            "mode": "data",
            "type": "coder_parameter",
            "name": "number_example_min_zero",
            "provider_name": "registry.terraform.io/coder/coder",
            "schema_version": 0,
            "values": {
              "default": "4",
              "description": null,
              "display_name": null,
              "ephemeral": false,
              "icon": null,
              "id": "4894f5cc-f4e6-4a86-bdfa-36c9d3f8f1a3",
              "mutable": false,
              "name": "number_example_min_zero",
              "option": null,
              "optional": true,
              "order": null,
              "type": "number",
              "validation": [
                {
                  "error": "",
                  "max": 0,
                  "max_disabled": true,
                  "min": 0,
                  "min_disabled": false,
                  "monotonic": "",
                  "regex": ""
                }
              ],
              "value": "4"
            },
            "sensitive_values": {
              "validation": [
                {}
              ]
            }
          }
        ]
      }
    }
  },
  "configuration": {
    "provider_config": {
      "coder": {
        "name": "coder",
        "full_name": "registry.terraform.io/coder/coder",
        "version_constraint": "0.22.0"
      },
      "null": {
        "name": "null",
        "full_name": "registry.terraform.io/hashicorp/null"
      }
    },
    "root_module": {
      "resources": [
        {
          "address": "coder_agent.dev",
          "mode": "managed",
          "type": "coder_agent",
          "name": "dev",
          "provider_config_key": "coder",
          "expressions": {
            "arch": {
              "constant_value": "arm64"
            },
            "os": {
              "constant_value": "windows"
            }
          },
          "schema_version": 1
        },
        {
          "address": "null_resource.dev",
          "mode": "managed",
          "type": "null_resource",
          "name": "dev",
          "provider_config_key": "null",
          "schema_version": 0,
          "depends_on": [
            "coder_agent.dev"
          ]
        },
        {
          "address": "data.coder_parameter.number_example",
          "mode": "data",
          "type": "coder_parameter",
          "name": "number_example",
          "provider_config_key": "coder",
          "expressions": {
            "default": {
              "constant_value": 4
            },
            "ephemeral": {
              "constant_value": true
            },
            "mutable": {
              "constant_value": true
            },
            "name": {
              "constant_value": "number_example"
            },
            "type": {
              "constant_value": "number"
            }
          },
          "schema_version": 0
        },
        {
          "address": "data.coder_parameter.number_example_max",
          "mode": "data",
          "type": "coder_parameter",
          "name": "number_example_max",
          "provider_config_key": "coder",
          "expressions": {
            "default": {
              "constant_value": 4
            },
            "name": {
              "constant_value": "number_example_max"
            },
            "type": {
              "constant_value": "number"
            },
            "validation": [
              {
                "max": {
                  "constant_value": 6
                }
              }
            ]
          },
          "schema_version": 0
        },
        {
          "address": "data.coder_parameter.number_example_max_zero",
          "mode": "data",
          "type": "coder_parameter",
          "name": "number_example_max_zero",
          "provider_config_key": "coder",
          "expressions": {
            "default": {
              "constant_value": -3
            },
            "name": {
              "constant_value": "number_example_max_zero"
            },
            "type": {
              "constant_value": "number"
            },
            "validation": [
              {
                "max": {
                  "constant_value": 0
                }
              }
            ]
          },
          "schema_version": 0
        },
        {
          "address": "data.coder_parameter.number_example_min",
          "mode": "data",
          "type": "coder_parameter",
          "name": "number_example_min",
          "provider_config_key": "coder",
          "expressions": {
            "default": {
              "constant_value": 4
            },
            "name": {
              "constant_value": "number_example_min"
            },
            "type": {
              "constant_value": "number"
            },
            "validation": [
              {
                "min": {
                  "constant_value": 3
                }
              }
            ]
          },
          "schema_version": 0
        },
        {
          "address": "data.coder_parameter.number_example_min_max",
          "mode": "data",
          "type": "coder_parameter",
          "name": "number_example_min_max",
          "provider_config_key": "coder",
          "expressions": {
            "default": {
              "constant_value": 4
            },
            "name": {
              "constant_value": "number_example_min_max"
            },
            "type": {
              "constant_value": "number"
            },
            "validation": [
              {
                "max": {
                  "constant_value": 6
                },
                "min": {
                  "constant_value": 3
                }
              }
            ]
          },
          "schema_version": 0
        },
        {
          "address": "data.coder_parameter.number_example_min_zero",
          "mode": "data",
          "type": "coder_parameter",
          "name": "number_example_min_zero",
          "provider_config_key": "coder",
          "expressions": {
            "default": {
              "constant_value": 4
            },
            "name": {
              "constant_value": "number_example_min_zero"
            },
            "type": {
              "constant_value": "number"
            },
            "validation": [
              {
                "min": {
                  "constant_value": 0
                }
              }
            ]
          },
          "schema_version": 0
        }
      ]
    }
  },
  "timestamp": "2025-01-29T22:48:20Z",
  "applyable": true,
  "complete": true,
  "errored": false
}
