{
	"format_version": "1.2",
	"terraform_version": "1.9.8",
	"planned_values": {
		"root_module": {
			"resources": [
				{
					"address": "coder_agent.dev1",
					"mode": "managed",
					"type": "coder_agent",
					"name": "dev1",
					"provider_name": "registry.terraform.io/coder/coder",
					"schema_version": 0,
					"values": {
						"arch": "amd64",
						"auth": "token",
						"connection_timeout": 120,
						"dir": null,
						"env": null,
						"login_before_ready": true,
						"metadata": [],
						"motd_file": null,
						"order": null,
						"os": "linux",
						"shutdown_script": null,
						"shutdown_script_timeout": 300,
						"startup_script": null,
						"startup_script_behavior": null,
						"startup_script_timeout": 300,
						"troubleshooting_url": null
					},
					"sensitive_values": {
						"display_apps": [],
						"metadata": [],
						"token": true
					}
				},
				{
					"address": "coder_agent.dev2",
					"mode": "managed",
					"type": "coder_agent",
					"name": "dev2",
					"provider_name": "registry.terraform.io/coder/coder",
					"schema_version": 0,
					"values": {
						"arch": "amd64",
						"auth": "token",
						"connection_timeout": 120,
						"dir": null,
						"env": null,
						"login_before_ready": true,
						"metadata": [],
						"motd_file": null,
						"order": null,
						"os": "linux",
						"shutdown_script": null,
						"shutdown_script_timeout": 300,
						"startup_script": null,
						"startup_script_behavior": null,
						"startup_script_timeout": 300,
						"troubleshooting_url": null
					},
					"sensitive_values": {
						"display_apps": [],
						"metadata": [],
						"token": true
					}
				},
				{
					"address": "coder_env.env1",
					"mode": "managed",
					"type": "coder_env",
					"name": "env1",
					"provider_name": "registry.terraform.io/coder/coder",
					"schema_version": 0,
					"values": {
						"name": "ENV_1",
						"value": "Env 1"
					},
					"sensitive_values": {}
				},
				{
					"address": "coder_env.env2",
					"mode": "managed",
					"type": "coder_env",
					"name": "env2",
					"provider_name": "registry.terraform.io/coder/coder",
					"schema_version": 0,
					"values": {
						"name": "ENV_2",
						"value": "Env 2"
					},
					"sensitive_values": {}
				},
				{
					"address": "coder_env.env3",
					"mode": "managed",
					"type": "coder_env",
					"name": "env3",
					"provider_name": "registry.terraform.io/coder/coder",
					"schema_version": 0,
					"values": {
						"name": "ENV_3",
						"value": "Env 3"
					},
					"sensitive_values": {}
				},
				{
					"address": "null_resource.dev1",
					"mode": "managed",
					"type": "null_resource",
					"name": "dev1",
					"provider_name": "registry.terraform.io/hashicorp/null",
					"schema_version": 0,
					"values": {
						"triggers": null
					},
					"sensitive_values": {}
				},
				{
					"address": "null_resource.dev2",
					"mode": "managed",
					"type": "null_resource",
					"name": "dev2",
					"provider_name": "registry.terraform.io/hashicorp/null",
					"schema_version": 0,
					"values": {
						"triggers": null
					},
					"sensitive_values": {}
				}
			]
		}
	},
	"resource_changes": [
		{
			"address": "coder_agent.dev1",
			"mode": "managed",
			"type": "coder_agent",
			"name": "dev1",
			"provider_name": "registry.terraform.io/coder/coder",
			"change": {
				"actions": ["create"],
				"before": null,
				"after": {
					"arch": "amd64",
					"auth": "token",
					"connection_timeout": 120,
					"dir": null,
					"env": null,
					"login_before_ready": true,
					"metadata": [],
					"motd_file": null,
					"order": null,
					"os": "linux",
					"shutdown_script": null,
					"shutdown_script_timeout": 300,
					"startup_script": null,
					"startup_script_behavior": null,
					"startup_script_timeout": 300,
					"troubleshooting_url": null
				},
				"after_unknown": {
					"display_apps": true,
					"id": true,
					"init_script": true,
					"metadata": [],
					"token": true
				},
				"before_sensitive": false,
				"after_sensitive": {
					"display_apps": [],
					"metadata": [],
					"token": true
				}
			}
		},
		{
			"address": "coder_agent.dev2",
			"mode": "managed",
			"type": "coder_agent",
			"name": "dev2",
			"provider_name": "registry.terraform.io/coder/coder",
			"change": {
				"actions": ["create"],
				"before": null,
				"after": {
					"arch": "amd64",
					"auth": "token",
					"connection_timeout": 120,
					"dir": null,
					"env": null,
					"login_before_ready": true,
					"metadata": [],
					"motd_file": null,
					"order": null,
					"os": "linux",
					"shutdown_script": null,
					"shutdown_script_timeout": 300,
					"startup_script": null,
					"startup_script_behavior": null,
					"startup_script_timeout": 300,
					"troubleshooting_url": null
				},
				"after_unknown": {
					"display_apps": true,
					"id": true,
					"init_script": true,
					"metadata": [],
					"token": true
				},
				"before_sensitive": false,
				"after_sensitive": {
					"display_apps": [],
					"metadata": [],
					"token": true
				}
			}
		},
		{
			"address": "coder_env.env1",
			"mode": "managed",
			"type": "coder_env",
			"name": "env1",
			"provider_name": "registry.terraform.io/coder/coder",
			"change": {
				"actions": ["create"],
				"before": null,
				"after": {
					"name": "ENV_1",
					"value": "Env 1"
				},
				"after_unknown": {
					"agent_id": true,
					"id": true
				},
				"before_sensitive": false,
				"after_sensitive": {}
			}
		},
		{
			"address": "coder_env.env2",
			"mode": "managed",
			"type": "coder_env",
			"name": "env2",
			"provider_name": "registry.terraform.io/coder/coder",
			"change": {
				"actions": ["create"],
				"before": null,
				"after": {
					"name": "ENV_2",
					"value": "Env 2"
				},
				"after_unknown": {
					"agent_id": true,
					"id": true
				},
				"before_sensitive": false,
				"after_sensitive": {}
			}
		},
		{
			"address": "coder_env.env3",
			"mode": "managed",
			"type": "coder_env",
			"name": "env3",
			"provider_name": "registry.terraform.io/coder/coder",
			"change": {
				"actions": ["create"],
				"before": null,
				"after": {
					"name": "ENV_3",
					"value": "Env 3"
				},
				"after_unknown": {
					"agent_id": true,
					"id": true
				},
				"before_sensitive": false,
				"after_sensitive": {}
			}
		},
		{
			"address": "null_resource.dev1",
			"mode": "managed",
			"type": "null_resource",
			"name": "dev1",
			"provider_name": "registry.terraform.io/hashicorp/null",
			"change": {
				"actions": ["create"],
				"before": null,
				"after": {
					"triggers": null
				},
				"after_unknown": {
					"id": true
				},
				"before_sensitive": false,
				"after_sensitive": {}
			}
		},
		{
			"address": "null_resource.dev2",
			"mode": "managed",
			"type": "null_resource",
			"name": "dev2",
			"provider_name": "registry.terraform.io/hashicorp/null",
			"change": {
				"actions": ["create"],
				"before": null,
				"after": {
					"triggers": null
				},
				"after_unknown": {
					"id": true
				},
				"before_sensitive": false,
				"after_sensitive": {}
			}
		}
	],
	"configuration": {
		"provider_config": {
			"coder": {
				"name": "coder",
				"full_name": "registry.terraform.io/coder/coder",
				"version_constraint": "0.22.0"
			},
			"null": {
				"name": "null",
				"full_name": "registry.terraform.io/hashicorp/null"
			}
		},
		"root_module": {
			"resources": [
				{
					"address": "coder_agent.dev1",
					"mode": "managed",
					"type": "coder_agent",
					"name": "dev1",
					"provider_config_key": "coder",
					"expressions": {
						"arch": {
							"constant_value": "amd64"
						},
						"os": {
							"constant_value": "linux"
						}
					},
					"schema_version": 0
				},
				{
					"address": "coder_agent.dev2",
					"mode": "managed",
					"type": "coder_agent",
					"name": "dev2",
					"provider_config_key": "coder",
					"expressions": {
						"arch": {
							"constant_value": "amd64"
						},
						"os": {
							"constant_value": "linux"
						}
					},
					"schema_version": 0
				},
				{
					"address": "coder_env.env1",
					"mode": "managed",
					"type": "coder_env",
					"name": "env1",
					"provider_config_key": "coder",
					"expressions": {
						"agent_id": {
							"references": ["coder_agent.dev1.id", "coder_agent.dev1"]
						},
						"name": {
							"constant_value": "ENV_1"
						},
						"value": {
							"constant_value": "Env 1"
						}
					},
					"schema_version": 0
				},
				{
					"address": "coder_env.env2",
					"mode": "managed",
					"type": "coder_env",
					"name": "env2",
					"provider_config_key": "coder",
					"expressions": {
						"agent_id": {
							"references": ["coder_agent.dev1.id", "coder_agent.dev1"]
						},
						"name": {
							"constant_value": "ENV_2"
						},
						"value": {
							"constant_value": "Env 2"
						}
					},
					"schema_version": 0
				},
				{
					"address": "coder_env.env3",
					"mode": "managed",
					"type": "coder_env",
					"name": "env3",
					"provider_config_key": "coder",
					"expressions": {
						"agent_id": {
							"references": ["coder_agent.dev2.id", "coder_agent.dev2"]
						},
						"name": {
							"constant_value": "ENV_3"
						},
						"value": {
							"constant_value": "Env 3"
						}
					},
					"schema_version": 0
				},
				{
					"address": "null_resource.dev1",
					"mode": "managed",
					"type": "null_resource",
					"name": "dev1",
					"provider_config_key": "null",
					"schema_version": 0,
					"depends_on": ["coder_agent.dev1"]
				},
				{
					"address": "null_resource.dev2",
					"mode": "managed",
					"type": "null_resource",
					"name": "dev2",
					"provider_config_key": "null",
					"schema_version": 0,
					"depends_on": ["coder_agent.dev2"]
				}
			]
		}
	},
	"relevant_attributes": [
		{
			"resource": "coder_agent.dev1",
			"attribute": ["id"]
		},
		{
			"resource": "coder_agent.dev2",
			"attribute": ["id"]
		}
	],
	"timestamp": "2024-10-28T20:08:06Z",
	"applyable": true,
	"complete": true,
	"errored": false
}
