{
	"format_version": "1.2",
	"terraform_version": "1.11.0",
	"planned_values": {
		"root_module": {
			"resources": [
				{
					"address": "coder_agent.dev1",
					"mode": "managed",
					"type": "coder_agent",
					"name": "dev1",
					"provider_name": "registry.terraform.io/coder/coder",
					"schema_version": 1,
					"values": {
						"arch": "amd64",
						"auth": "token",
						"connection_timeout": 120,
						"dir": null,
						"env": null,
						"metadata": [],
						"motd_file": null,
						"order": null,
						"os": "linux",
						"resources_monitoring": [],
						"shutdown_script": null,
						"startup_script": null,
						"startup_script_behavior": "non-blocking",
						"troubleshooting_url": null
					},
					"sensitive_values": {
						"display_apps": [],
						"metadata": [],
						"resources_monitoring": [],
						"token": true
					}
				},
				{
					"address": "coder_agent.dev2",
					"mode": "managed",
					"type": "coder_agent",
					"name": "dev2",
					"provider_name": "registry.terraform.io/coder/coder",
					"schema_version": 1,
					"values": {
						"arch": "amd64",
						"auth": "token",
						"connection_timeout": 1,
						"dir": null,
						"env": null,
						"metadata": [],
						"motd_file": "/etc/motd",
						"order": null,
						"os": "darwin",
						"resources_monitoring": [],
						"shutdown_script": "echo bye bye",
						"startup_script": null,
						"startup_script_behavior": "non-blocking",
						"troubleshooting_url": null
					},
					"sensitive_values": {
						"display_apps": [],
						"metadata": [],
						"resources_monitoring": [],
						"token": true
					}
				},
				{
					"address": "coder_agent.dev3",
					"mode": "managed",
					"type": "coder_agent",
					"name": "dev3",
					"provider_name": "registry.terraform.io/coder/coder",
					"schema_version": 1,
					"values": {
						"arch": "arm64",
						"auth": "token",
						"connection_timeout": 120,
						"dir": null,
						"env": null,
						"metadata": [],
						"motd_file": null,
						"order": null,
						"os": "windows",
						"resources_monitoring": [],
						"shutdown_script": null,
						"startup_script": null,
						"startup_script_behavior": "blocking",
						"troubleshooting_url": "https://coder.com/troubleshoot"
					},
					"sensitive_values": {
						"display_apps": [],
						"metadata": [],
						"resources_monitoring": [],
						"token": true
					}
				},
				{
					"address": "coder_agent.dev4",
					"mode": "managed",
					"type": "coder_agent",
					"name": "dev4",
					"provider_name": "registry.terraform.io/coder/coder",
					"schema_version": 1,
					"values": {
						"arch": "amd64",
						"auth": "token",
						"connection_timeout": 120,
						"dir": null,
						"env": null,
						"metadata": [],
						"motd_file": null,
						"order": null,
						"os": "linux",
						"resources_monitoring": [],
						"shutdown_script": null,
						"startup_script": null,
						"startup_script_behavior": "non-blocking",
						"troubleshooting_url": null
					},
					"sensitive_values": {
						"display_apps": [],
						"metadata": [],
						"resources_monitoring": [],
						"token": true
					}
				},
				{
					"address": "null_resource.dev",
					"mode": "managed",
					"type": "null_resource",
					"name": "dev",
					"provider_name": "registry.terraform.io/hashicorp/null",
					"schema_version": 0,
					"values": {
						"triggers": null
					},
					"sensitive_values": {}
				}
			]
		}
	},
	"resource_changes": [
		{
			"address": "coder_agent.dev1",
			"mode": "managed",
			"type": "coder_agent",
			"name": "dev1",
			"provider_name": "registry.terraform.io/coder/coder",
			"change": {
				"actions": [
					"create"
				],
				"before": null,
				"after": {
					"arch": "amd64",
					"auth": "token",
					"connection_timeout": 120,
					"dir": null,
					"env": null,
					"metadata": [],
					"motd_file": null,
					"order": null,
					"os": "linux",
					"resources_monitoring": [],
					"shutdown_script": null,
					"startup_script": null,
					"startup_script_behavior": "non-blocking",
					"troubleshooting_url": null
				},
				"after_unknown": {
					"display_apps": true,
					"id": true,
					"init_script": true,
					"metadata": [],
					"resources_monitoring": [],
					"token": true
				},
				"before_sensitive": false,
				"after_sensitive": {
					"display_apps": [],
					"metadata": [],
					"resources_monitoring": [],
					"token": true
				}
			}
		},
		{
			"address": "coder_agent.dev2",
			"mode": "managed",
			"type": "coder_agent",
			"name": "dev2",
			"provider_name": "registry.terraform.io/coder/coder",
			"change": {
				"actions": [
					"create"
				],
				"before": null,
				"after": {
					"arch": "amd64",
					"auth": "token",
					"connection_timeout": 1,
					"dir": null,
					"env": null,
					"metadata": [],
					"motd_file": "/etc/motd",
					"order": null,
					"os": "darwin",
					"resources_monitoring": [],
					"shutdown_script": "echo bye bye",
					"startup_script": null,
					"startup_script_behavior": "non-blocking",
					"troubleshooting_url": null
				},
				"after_unknown": {
					"display_apps": true,
					"id": true,
					"init_script": true,
					"metadata": [],
					"resources_monitoring": [],
					"token": true
				},
				"before_sensitive": false,
				"after_sensitive": {
					"display_apps": [],
					"metadata": [],
					"resources_monitoring": [],
					"token": true
				}
			}
		},
		{
			"address": "coder_agent.dev3",
			"mode": "managed",
			"type": "coder_agent",
			"name": "dev3",
			"provider_name": "registry.terraform.io/coder/coder",
			"change": {
				"actions": [
					"create"
				],
				"before": null,
				"after": {
					"arch": "arm64",
					"auth": "token",
					"connection_timeout": 120,
					"dir": null,
					"env": null,
					"metadata": [],
					"motd_file": null,
					"order": null,
					"os": "windows",
					"resources_monitoring": [],
					"shutdown_script": null,
					"startup_script": null,
					"startup_script_behavior": "blocking",
					"troubleshooting_url": "https://coder.com/troubleshoot"
				},
				"after_unknown": {
					"display_apps": true,
					"id": true,
					"init_script": true,
					"metadata": [],
					"resources_monitoring": [],
					"token": true
				},
				"before_sensitive": false,
				"after_sensitive": {
					"display_apps": [],
					"metadata": [],
					"resources_monitoring": [],
					"token": true
				}
			}
		},
		{
			"address": "coder_agent.dev4",
			"mode": "managed",
			"type": "coder_agent",
			"name": "dev4",
			"provider_name": "registry.terraform.io/coder/coder",
			"change": {
				"actions": [
					"create"
				],
				"before": null,
				"after": {
					"arch": "amd64",
					"auth": "token",
					"connection_timeout": 120,
					"dir": null,
					"env": null,
					"metadata": [],
					"motd_file": null,
					"order": null,
					"os": "linux",
					"resources_monitoring": [],
					"shutdown_script": null,
					"startup_script": null,
					"startup_script_behavior": "non-blocking",
					"troubleshooting_url": null
				},
				"after_unknown": {
					"display_apps": true,
					"id": true,
					"init_script": true,
					"metadata": [],
					"resources_monitoring": [],
					"token": true
				},
				"before_sensitive": false,
				"after_sensitive": {
					"display_apps": [],
					"metadata": [],
					"resources_monitoring": [],
					"token": true
				}
			}
		},
		{
			"address": "null_resource.dev",
			"mode": "managed",
			"type": "null_resource",
			"name": "dev",
			"provider_name": "registry.terraform.io/hashicorp/null",
			"change": {
				"actions": [
					"create"
				],
				"before": null,
				"after": {
					"triggers": null
				},
				"after_unknown": {
					"id": true
				},
				"before_sensitive": false,
				"after_sensitive": {}
			}
		}
	],
	"configuration": {
		"provider_config": {
			"coder": {
				"name": "coder",
				"full_name": "registry.terraform.io/coder/coder",
				"version_constraint": ">= 2.0.0"
			},
			"null": {
				"name": "null",
				"full_name": "registry.terraform.io/hashicorp/null"
			}
		},
		"root_module": {
			"resources": [
				{
					"address": "coder_agent.dev1",
					"mode": "managed",
					"type": "coder_agent",
					"name": "dev1",
					"provider_config_key": "coder",
					"expressions": {
						"arch": {
							"constant_value": "amd64"
						},
						"os": {
							"constant_value": "linux"
						}
					},
					"schema_version": 1
				},
				{
					"address": "coder_agent.dev2",
					"mode": "managed",
					"type": "coder_agent",
					"name": "dev2",
					"provider_config_key": "coder",
					"expressions": {
						"arch": {
							"constant_value": "amd64"
						},
						"connection_timeout": {
							"constant_value": 1
						},
						"motd_file": {
							"constant_value": "/etc/motd"
						},
						"os": {
							"constant_value": "darwin"
						},
						"shutdown_script": {
							"constant_value": "echo bye bye"
						},
						"startup_script_behavior": {
							"constant_value": "non-blocking"
						}
					},
					"schema_version": 1
				},
				{
					"address": "coder_agent.dev3",
					"mode": "managed",
					"type": "coder_agent",
					"name": "dev3",
					"provider_config_key": "coder",
					"expressions": {
						"arch": {
							"constant_value": "arm64"
						},
						"os": {
							"constant_value": "windows"
						},
						"startup_script_behavior": {
							"constant_value": "blocking"
						},
						"troubleshooting_url": {
							"constant_value": "https://coder.com/troubleshoot"
						}
					},
					"schema_version": 1
				},
				{
					"address": "coder_agent.dev4",
					"mode": "managed",
					"type": "coder_agent",
					"name": "dev4",
					"provider_config_key": "coder",
					"expressions": {
						"arch": {
							"constant_value": "amd64"
						},
						"os": {
							"constant_value": "linux"
						}
					},
					"schema_version": 1
				},
				{
					"address": "null_resource.dev",
					"mode": "managed",
					"type": "null_resource",
					"name": "dev",
					"provider_config_key": "null",
					"schema_version": 0,
					"depends_on": [
						"coder_agent.dev1",
						"coder_agent.dev2",
						"coder_agent.dev3",
						"coder_agent.dev4"
					]
				}
			]
		}
	},
	"timestamp": "2025-03-03T20:39:59Z",
	"applyable": true,
	"complete": true,
	"errored": false
}
